PODS:
  - Masonry (1.1.0)
  - MJRefresh (3.1.15.7)
  - SHSegmentedControl (1.2.1):
    - SHSegmentedControl/SHExtension (= 1.2.1)
    - SHSegmentedControl/SHSegmentContent (= 1.2.1)
  - SHSegmentedControl/SHExtension (1.2.1)
  - SHSegmentedControl/SHSegmentContent (1.2.1):
    - Masonry
    - MJRefresh
    - SHSegmentedControl/SHExtension

DEPENDENCIES:
  - SHSegmentedControl (from `../../../SHSegmentedControl`)

SPEC REPOS:
  https://github.com/cocoapods/specs.git:
    - Masonry
    - MJRefresh

EXTERNAL SOURCES:
  SHSegmentedControl:
    :path: "../../../SHSegmentedControl"

SPEC CHECKSUMS:
  Masonry: 678fab65091a9290e40e2832a55e7ab731aad201
  MJRefresh: 697f8ec75ebdbe9207767bb682cf0f51b0d8a41f
  SHSegmentedControl: 86f4ca8c2ceb4fc3b4f1aa5210db9b9d253949ea

PODFILE CHECKSUM: 236119848c05acbbb289d4aaea525d472385fe06

COCOAPODS: 1.5.3
