PODS:
  - Masonry (1.1.0)
  - MJRefresh (3.1.15.3)
  - SHSegmentedControl (1.1.4):
    - SHSegmentedControl/SHExtension (= 1.1.4)
    - SHSegmentedControl/SHSegmentContent (= 1.1.4)
  - SHSegmentedControl/SHExtension (1.1.4)
  - SHSegmentedControl/SHSegmentContent (1.1.4):
    - Masonry
    - MJRefresh
    - SHSegmentedControl/SHExtension

DEPENDENCIES:
  - SHSegmentedControl

SPEC CHECKSUMS:
  Masonry: 678fab65091a9290e40e2832a55e7ab731aad201
  MJRefresh: b48380ae2b927b46c4ef000de9adb8dc748e1df7
  SHSegmentedControl: 869bfd851dc7bed0f7025f0f0fad88f0cee3b383

PODFILE CHECKSUM: 9dd76f11289f40fcf624676189ac92a0b6022d64

COCOAPODS: 1.4.0.rc.1
