PODS:
  - Masonry (1.1.0)
  - MJRefresh (3.1.15.3)
  - SHSegmentedControl (1.2.0):
    - SHSegmentedControl/SHExtension (= 1.2.0)
    - SHSegmentedControl/SHSegmentContent (= 1.2.0)
  - SHSegmentedControl/SHExtension (1.2.0)
  - SHSegmentedControl/SHSegmentContent (1.2.0):
    - Masonry
    - MJRefresh
    - SHSegmentedControl/SHExtension

DEPENDENCIES:
  - SHSegmentedControl

SPEC REPOS:
  https://github.com/CocoaPods/Specs.git:
    - Masonry
    - MJRefresh
    - SHSegmentedControl

SPEC CHECKSUMS:
  Masonry: 678fab65091a9290e40e2832a55e7ab731aad201
  MJRefresh: b48380ae2b927b46c4ef000de9adb8dc748e1df7
  SHSegmentedControl: 5978520ccc3485827ad8dd91d42661b8098b13ca

PODFILE CHECKSUM: 9dd76f11289f40fcf624676189ac92a0b6022d64

COCOAPODS: 1.5.0
