PODS:
  - Masonry (1.1.0)
  - MJRefresh (3.2.0)
  - SHSegmentedControl (1.3.0):
    - SHSegmentedControl/SHExtension (= 1.3.0)
    - SHSegmentedControl/SHSegmentContent (= 1.3.0)
  - SHSegmentedControl/SHExtension (1.3.0)
  - SHSegmentedControl/SHSegmentContent (1.3.0):
    - Masonry
    - MJRefresh
    - SHSegmentedControl/SHExtension

DEPENDENCIES:
  - SHSegmentedControl (from `../SHSegmentedControlTableView`)

SPEC REPOS:
  https://github.com/cocoapods/specs.git:
    - Masonry
    - MJRefresh

EXTERNAL SOURCES:
  SHSegmentedControl:
    :path: "../SHSegmentedControlTableView"

SPEC CHECKSUMS:
  Masonry: 678fab65091a9290e40e2832a55e7ab731aad201
  MJRefresh: ed450d6eb9d3346a2cb033ab7eb6de090aeef437
  SHSegmentedControl: 8538ed954000cc3d7c5a8ffd2b2a08a928076f60

PODFILE CHECKSUM: dd2905ee4439e68a2613c076ca59c95f057307cd

COCOAPODS: 1.6.1
