// !$*UTF8*$!
{
	archiveVersion = 1;
	classes = {
	};
	objectVersion = 48;
	objects = {

/* Begin PBXBuildFile section */
		7C28D6161FD8F00E00BD8A00 /* AppDelegate.swift in Sources */ = {isa = PBXBuildFile; fileRef = 7C28D6151FD8F00E00BD8A00 /* AppDelegate.swift */; };
		7C28D6181FD8F00E00BD8A00 /* ViewController.swift in Sources */ = {isa = PBXBuildFile; fileRef = 7C28D6171FD8F00E00BD8A00 /* ViewController.swift */; };
		7C28D61B1FD8F00E00BD8A00 /* Main.storyboard in Resources */ = {isa = PBXBuildFile; fileRef = 7C28D6191FD8F00E00BD8A00 /* Main.storyboard */; };
		7C28D61D1FD8F00E00BD8A00 /* Assets.xcassets in Resources */ = {isa = PBXBuildFile; fileRef = 7C28D61C1FD8F00E00BD8A00 /* Assets.xcassets */; };
		7C28D6201FD8F00E00BD8A00 /* LaunchScreen.storyboard in Resources */ = {isa = PBXBuildFile; fileRef = 7C28D61E1FD8F00E00BD8A00 /* LaunchScreen.storyboard */; };
		7CF5B7D11FDF76C5006C5701 /* SHSegmentedControlView.swift in Sources */ = {isa = PBXBuildFile; fileRef = 7CF5B7D01FDF76C5006C5701 /* SHSegmentedControlView.swift */; };
		7CF5B7D31FDF76F1006C5701 /* SHSegmentControl.swift in Sources */ = {isa = PBXBuildFile; fileRef = 7CF5B7D21FDF76F1006C5701 /* SHSegmentControl.swift */; };
		7CF5B7D51FDF7714006C5701 /* SHTableView.swift in Sources */ = {isa = PBXBuildFile; fileRef = 7CF5B7D41FDF7714006C5701 /* SHTableView.swift */; };
		7CF5B7D71FDF7731006C5701 /* SHCollectionView.swift in Sources */ = {isa = PBXBuildFile; fileRef = 7CF5B7D61FDF7731006C5701 /* SHCollectionView.swift */; };
		7CF5B7D91FDF779C006C5701 /* UIViewExtension.swift in Sources */ = {isa = PBXBuildFile; fileRef = 7CF5B7D81FDF779C006C5701 /* UIViewExtension.swift */; };
/* End PBXBuildFile section */

/* Begin PBXFileReference section */
		7C28D6121FD8F00E00BD8A00 /* SHSegmentedControlTableView.app */ = {isa = PBXFileReference; explicitFileType = wrapper.application; includeInIndex = 0; path = SHSegmentedControlTableView.app; sourceTree = BUILT_PRODUCTS_DIR; };
		7C28D6151FD8F00E00BD8A00 /* AppDelegate.swift */ = {isa = PBXFileReference; lastKnownFileType = sourcecode.swift; path = AppDelegate.swift; sourceTree = "<group>"; };
		7C28D6171FD8F00E00BD8A00 /* ViewController.swift */ = {isa = PBXFileReference; lastKnownFileType = sourcecode.swift; path = ViewController.swift; sourceTree = "<group>"; };
		7C28D61A1FD8F00E00BD8A00 /* Base */ = {isa = PBXFileReference; lastKnownFileType = file.storyboard; name = Base; path = Base.lproj/Main.storyboard; sourceTree = "<group>"; };
		7C28D61C1FD8F00E00BD8A00 /* Assets.xcassets */ = {isa = PBXFileReference; lastKnownFileType = folder.assetcatalog; path = Assets.xcassets; sourceTree = "<group>"; };
		7C28D61F1FD8F00E00BD8A00 /* Base */ = {isa = PBXFileReference; lastKnownFileType = file.storyboard; name = Base; path = Base.lproj/LaunchScreen.storyboard; sourceTree = "<group>"; };
		7C28D6211FD8F00E00BD8A00 /* Info.plist */ = {isa = PBXFileReference; lastKnownFileType = text.plist.xml; path = Info.plist; sourceTree = "<group>"; };
		7CF5B7CE1FDF74CD006C5701 /* zh-Hans */ = {isa = PBXFileReference; lastKnownFileType = text.plist.strings; name = "zh-Hans"; path = "zh-Hans.lproj/Main.strings"; sourceTree = "<group>"; };
		7CF5B7CF1FDF74CD006C5701 /* zh-Hans */ = {isa = PBXFileReference; lastKnownFileType = text.plist.strings; name = "zh-Hans"; path = "zh-Hans.lproj/LaunchScreen.strings"; sourceTree = "<group>"; };
		7CF5B7D01FDF76C5006C5701 /* SHSegmentedControlView.swift */ = {isa = PBXFileReference; lastKnownFileType = sourcecode.swift; path = SHSegmentedControlView.swift; sourceTree = "<group>"; };
		7CF5B7D21FDF76F1006C5701 /* SHSegmentControl.swift */ = {isa = PBXFileReference; lastKnownFileType = sourcecode.swift; path = SHSegmentControl.swift; sourceTree = "<group>"; };
		7CF5B7D41FDF7714006C5701 /* SHTableView.swift */ = {isa = PBXFileReference; lastKnownFileType = sourcecode.swift; path = SHTableView.swift; sourceTree = "<group>"; };
		7CF5B7D61FDF7731006C5701 /* SHCollectionView.swift */ = {isa = PBXFileReference; lastKnownFileType = sourcecode.swift; path = SHCollectionView.swift; sourceTree = "<group>"; };
		7CF5B7D81FDF779C006C5701 /* UIViewExtension.swift */ = {isa = PBXFileReference; lastKnownFileType = sourcecode.swift; path = UIViewExtension.swift; sourceTree = "<group>"; };
/* End PBXFileReference section */

/* Begin PBXFrameworksBuildPhase section */
		7C28D60F1FD8F00E00BD8A00 /* Frameworks */ = {
			isa = PBXFrameworksBuildPhase;
			buildActionMask = 2147483647;
			files = (
			);
			runOnlyForDeploymentPostprocessing = 0;
		};
/* End PBXFrameworksBuildPhase section */

/* Begin PBXGroup section */
		7C28D6091FD8F00D00BD8A00 = {
			isa = PBXGroup;
			children = (
				7C28D6141FD8F00E00BD8A00 /* SHSegmentedControlTableView */,
				7C28D6131FD8F00E00BD8A00 /* Products */,
			);
			sourceTree = "<group>";
		};
		7C28D6131FD8F00E00BD8A00 /* Products */ = {
			isa = PBXGroup;
			children = (
				7C28D6121FD8F00E00BD8A00 /* SHSegmentedControlTableView.app */,
			);
			name = Products;
			sourceTree = "<group>";
		};
		7C28D6141FD8F00E00BD8A00 /* SHSegmentedControlTableView */ = {
			isa = PBXGroup;
			children = (
				7C28D6271FD8F2C600BD8A00 /* SHSegmentedControl */,
				7C28D6151FD8F00E00BD8A00 /* AppDelegate.swift */,
				7C28D6171FD8F00E00BD8A00 /* ViewController.swift */,
				7C28D6191FD8F00E00BD8A00 /* Main.storyboard */,
				7C28D61C1FD8F00E00BD8A00 /* Assets.xcassets */,
				7C28D61E1FD8F00E00BD8A00 /* LaunchScreen.storyboard */,
				7C28D6211FD8F00E00BD8A00 /* Info.plist */,
			);
			path = SHSegmentedControlTableView;
			sourceTree = "<group>";
		};
		7C28D6271FD8F2C600BD8A00 /* SHSegmentedControl */ = {
			isa = PBXGroup;
			children = (
				7CF5B7D01FDF76C5006C5701 /* SHSegmentedControlView.swift */,
				7CF5B7D21FDF76F1006C5701 /* SHSegmentControl.swift */,
				7CF5B7D41FDF7714006C5701 /* SHTableView.swift */,
				7CF5B7D61FDF7731006C5701 /* SHCollectionView.swift */,
				7CF5B7D81FDF779C006C5701 /* UIViewExtension.swift */,
			);
			path = SHSegmentedControl;
			sourceTree = "<group>";
		};
/* End PBXGroup section */

/* Begin PBXNativeTarget section */
		7C28D6111FD8F00E00BD8A00 /* SHSegmentedControlTableView */ = {
			isa = PBXNativeTarget;
			buildConfigurationList = 7C28D6241FD8F00E00BD8A00 /* Build configuration list for PBXNativeTarget "SHSegmentedControlTableView" */;
			buildPhases = (
				7C28D60E1FD8F00E00BD8A00 /* Sources */,
				7C28D60F1FD8F00E00BD8A00 /* Frameworks */,
				7C28D6101FD8F00E00BD8A00 /* Resources */,
			);
			buildRules = (
			);
			dependencies = (
			);
			name = SHSegmentedControlTableView;
			productName = SHSegmentedControlTableView;
			productReference = 7C28D6121FD8F00E00BD8A00 /* SHSegmentedControlTableView.app */;
			productType = "com.apple.product-type.application";
		};
/* End PBXNativeTarget section */

/* Begin PBXProject section */
		7C28D60A1FD8F00D00BD8A00 /* Project object */ = {
			isa = PBXProject;
			attributes = {
				LastSwiftUpdateCheck = 0910;
				LastUpgradeCheck = 0910;
				ORGANIZATIONNAME = angle;
				TargetAttributes = {
					7C28D6111FD8F00E00BD8A00 = {
						CreatedOnToolsVersion = 9.1;
						ProvisioningStyle = Automatic;
					};
				};
			};
			buildConfigurationList = 7C28D60D1FD8F00D00BD8A00 /* Build configuration list for PBXProject "SHSegmentedControlTableView" */;
			compatibilityVersion = "Xcode 8.0";
			developmentRegion = en;
			hasScannedForEncodings = 0;
			knownRegions = (
				Base,
			);
			mainGroup = 7C28D6091FD8F00D00BD8A00;
			productRefGroup = 7C28D6131FD8F00E00BD8A00 /* Products */;
			projectDirPath = "";
			projectRoot = "";
			targets = (
				7C28D6111FD8F00E00BD8A00 /* SHSegmentedControlTableView */,
			);
		};
/* End PBXProject section */

/* Begin PBXResourcesBuildPhase section */
		7C28D6101FD8F00E00BD8A00 /* Resources */ = {
			isa = PBXResourcesBuildPhase;
			buildActionMask = 2147483647;
			files = (
				7C28D6201FD8F00E00BD8A00 /* LaunchScreen.storyboard in Resources */,
				7C28D61D1FD8F00E00BD8A00 /* Assets.xcassets in Resources */,
				7C28D61B1FD8F00E00BD8A00 /* Main.storyboard in Resources */,
			);
			runOnlyForDeploymentPostprocessing = 0;
		};
/* End PBXResourcesBuildPhase section */

/* Begin PBXSourcesBuildPhase section */
		7C28D60E1FD8F00E00BD8A00 /* Sources */ = {
			isa = PBXSourcesBuildPhase;
			buildActionMask = 2147483647;
			files = (
				7CF5B7D31FDF76F1006C5701 /* SHSegmentControl.swift in Sources */,
				7CF5B7D91FDF779C006C5701 /* UIViewExtension.swift in Sources */,
				7CF5B7D51FDF7714006C5701 /* SHTableView.swift in Sources */,
				7CF5B7D11FDF76C5006C5701 /* SHSegmentedControlView.swift in Sources */,
				7C28D6181FD8F00E00BD8A00 /* ViewController.swift in Sources */,
				7C28D6161FD8F00E00BD8A00 /* AppDelegate.swift in Sources */,
				7CF5B7D71FDF7731006C5701 /* SHCollectionView.swift in Sources */,
			);
			runOnlyForDeploymentPostprocessing = 0;
		};
/* End PBXSourcesBuildPhase section */

/* Begin PBXVariantGroup section */
		7C28D6191FD8F00E00BD8A00 /* Main.storyboard */ = {
			isa = PBXVariantGroup;
			children = (
				7C28D61A1FD8F00E00BD8A00 /* Base */,
				7CF5B7CE1FDF74CD006C5701 /* zh-Hans */,
			);
			name = Main.storyboard;
			sourceTree = "<group>";
		};
		7C28D61E1FD8F00E00BD8A00 /* LaunchScreen.storyboard */ = {
			isa = PBXVariantGroup;
			children = (
				7C28D61F1FD8F00E00BD8A00 /* Base */,
				7CF5B7CF1FDF74CD006C5701 /* zh-Hans */,
			);
			name = LaunchScreen.storyboard;
			sourceTree = "<group>";
		};
/* End PBXVariantGroup section */

/* Begin XCBuildConfiguration section */
		7C28D6221FD8F00E00BD8A00 /* Debug */ = {
			isa = XCBuildConfiguration;
			buildSettings = {
				ALWAYS_SEARCH_USER_PATHS = NO;
				CLANG_ANALYZER_LOCALIZABILITY_NONLOCALIZED = YES;
				CLANG_ANALYZER_NONNULL = YES;
				CLANG_ANALYZER_NUMBER_OBJECT_CONVERSION = YES_AGGRESSIVE;
				CLANG_CXX_LANGUAGE_STANDARD = "gnu++14";
				CLANG_CXX_LIBRARY = "libc++";
				CLANG_ENABLE_MODULES = YES;
				CLANG_ENABLE_OBJC_ARC = YES;
				CLANG_WARN_BLOCK_CAPTURE_AUTORELEASING = YES;
				CLANG_WARN_BOOL_CONVERSION = YES;
				CLANG_WARN_COMMA = YES;
				CLANG_WARN_CONSTANT_CONVERSION = YES;
				CLANG_WARN_DIRECT_OBJC_ISA_USAGE = YES_ERROR;
				CLANG_WARN_DOCUMENTATION_COMMENTS = YES;
				CLANG_WARN_EMPTY_BODY = YES;
				CLANG_WARN_ENUM_CONVERSION = YES;
				CLANG_WARN_INFINITE_RECURSION = YES;
				CLANG_WARN_INT_CONVERSION = YES;
				CLANG_WARN_NON_LITERAL_NULL_CONVERSION = YES;
				CLANG_WARN_OBJC_LITERAL_CONVERSION = YES;
				CLANG_WARN_OBJC_ROOT_CLASS = YES_ERROR;
				CLANG_WARN_RANGE_LOOP_ANALYSIS = YES;
				CLANG_WARN_STRICT_PROTOTYPES = YES;
				CLANG_WARN_SUSPICIOUS_MOVE = YES;
				CLANG_WARN_UNGUARDED_AVAILABILITY = YES_AGGRESSIVE;
				CLANG_WARN_UNREACHABLE_CODE = YES;
				CLANG_WARN__DUPLICATE_METHOD_MATCH = YES;
				CODE_SIGN_IDENTITY = "iPhone Developer";
				COPY_PHASE_STRIP = NO;
				DEBUG_INFORMATION_FORMAT = dwarf;
				ENABLE_STRICT_OBJC_MSGSEND = YES;
				ENABLE_TESTABILITY = YES;
				GCC_C_LANGUAGE_STANDARD = gnu11;
				GCC_DYNAMIC_NO_PIC = NO;
				GCC_NO_COMMON_BLOCKS = YES;
				GCC_OPTIMIZATION_LEVEL = 0;
				GCC_PREPROCESSOR_DEFINITIONS = (
					"DEBUG=1",
					"$(inherited)",
				);
				GCC_WARN_64_TO_32_BIT_CONVERSION = YES;
				GCC_WARN_ABOUT_RETURN_TYPE = YES_ERROR;
				GCC_WARN_UNDECLARED_SELECTOR = YES;
				GCC_WARN_UNINITIALIZED_AUTOS = YES_AGGRESSIVE;
				GCC_WARN_UNUSED_FUNCTION = YES;
				GCC_WARN_UNUSED_VARIABLE = YES;
				IPHONEOS_DEPLOYMENT_TARGET = 11.1;
				MTL_ENABLE_DEBUG_INFO = YES;
				ONLY_ACTIVE_ARCH = YES;
				SDKROOT = iphoneos;
				SWIFT_ACTIVE_COMPILATION_CONDITIONS = DEBUG;
				SWIFT_OPTIMIZATION_LEVEL = "-Onone";
			};
			name = Debug;
		};
		7C28D6231FD8F00E00BD8A00 /* Release */ = {
			isa = XCBuildConfiguration;
			buildSettings = {
				ALWAYS_SEARCH_USER_PATHS = NO;
				CLANG_ANALYZER_LOCALIZABILITY_NONLOCALIZED = YES;
				CLANG_ANALYZER_NONNULL = YES;
				CLANG_ANALYZER_NUMBER_OBJECT_CONVERSION = YES_AGGRESSIVE;
				CLANG_CXX_LANGUAGE_STANDARD = "gnu++14";
				CLANG_CXX_LIBRARY = "libc++";
				CLANG_ENABLE_MODULES = YES;
				CLANG_ENABLE_OBJC_ARC = YES;
				CLANG_WARN_BLOCK_CAPTURE_AUTORELEASING = YES;
				CLANG_WARN_BOOL_CONVERSION = YES;
				CLANG_WARN_COMMA = YES;
				CLANG_WARN_CONSTANT_CONVERSION = YES;
				CLANG_WARN_DIRECT_OBJC_ISA_USAGE = YES_ERROR;
				CLANG_WARN_DOCUMENTATION_COMMENTS = YES;
				CLANG_WARN_EMPTY_BODY = YES;
				CLANG_WARN_ENUM_CONVERSION = YES;
				CLANG_WARN_INFINITE_RECURSION = YES;
				CLANG_WARN_INT_CONVERSION = YES;
				CLANG_WARN_NON_LITERAL_NULL_CONVERSION = YES;
				CLANG_WARN_OBJC_LITERAL_CONVERSION = YES;
				CLANG_WARN_OBJC_ROOT_CLASS = YES_ERROR;
				CLANG_WARN_RANGE_LOOP_ANALYSIS = YES;
				CLANG_WARN_STRICT_PROTOTYPES = YES;
				CLANG_WARN_SUSPICIOUS_MOVE = YES;
				CLANG_WARN_UNGUARDED_AVAILABILITY = YES_AGGRESSIVE;
				CLANG_WARN_UNREACHABLE_CODE = YES;
				CLANG_WARN__DUPLICATE_METHOD_MATCH = YES;
				CODE_SIGN_IDENTITY = "iPhone Developer";
				COPY_PHASE_STRIP = NO;
				DEBUG_INFORMATION_FORMAT = "dwarf-with-dsym";
				ENABLE_NS_ASSERTIONS = NO;
				ENABLE_STRICT_OBJC_MSGSEND = YES;
				GCC_C_LANGUAGE_STANDARD = gnu11;
				GCC_NO_COMMON_BLOCKS = YES;
				GCC_WARN_64_TO_32_BIT_CONVERSION = YES;
				GCC_WARN_ABOUT_RETURN_TYPE = YES_ERROR;
				GCC_WARN_UNDECLARED_SELECTOR = YES;
				GCC_WARN_UNINITIALIZED_AUTOS = YES_AGGRESSIVE;
				GCC_WARN_UNUSED_FUNCTION = YES;
				GCC_WARN_UNUSED_VARIABLE = YES;
				IPHONEOS_DEPLOYMENT_TARGET = 11.1;
				MTL_ENABLE_DEBUG_INFO = NO;
				SDKROOT = iphoneos;
				SWIFT_OPTIMIZATION_LEVEL = "-Owholemodule";
				VALIDATE_PRODUCT = YES;
			};
			name = Release;
		};
		7C28D6251FD8F00E00BD8A00 /* Debug */ = {
			isa = XCBuildConfiguration;
			buildSettings = {
				ASSETCATALOG_COMPILER_APPICON_NAME = AppIcon;
				CODE_SIGN_STYLE = Automatic;
				DEVELOPMENT_TEAM = 48E9K7TPMY;
				INFOPLIST_FILE = SHSegmentedControlTableView/Info.plist;
				LD_RUNPATH_SEARCH_PATHS = "$(inherited) @executable_path/Frameworks";
				PRODUCT_BUNDLE_IDENTIFIER = com.angle.SHSegmentedControlTableView;
				PRODUCT_NAME = "$(TARGET_NAME)";
				SWIFT_VERSION = 4.0;
				TARGETED_DEVICE_FAMILY = "1,2";
			};
			name = Debug;
		};
		7C28D6261FD8F00E00BD8A00 /* Release */ = {
			isa = XCBuildConfiguration;
			buildSettings = {
				ASSETCATALOG_COMPILER_APPICON_NAME = AppIcon;
				CODE_SIGN_STYLE = Automatic;
				DEVELOPMENT_TEAM = 48E9K7TPMY;
				INFOPLIST_FILE = SHSegmentedControlTableView/Info.plist;
				LD_RUNPATH_SEARCH_PATHS = "$(inherited) @executable_path/Frameworks";
				PRODUCT_BUNDLE_IDENTIFIER = com.angle.SHSegmentedControlTableView;
				PRODUCT_NAME = "$(TARGET_NAME)";
				SWIFT_VERSION = 4.0;
				TARGETED_DEVICE_FAMILY = "1,2";
			};
			name = Release;
		};
/* End XCBuildConfiguration section */

/* Begin XCConfigurationList section */
		7C28D60D1FD8F00D00BD8A00 /* Build configuration list for PBXProject "SHSegmentedControlTableView" */ = {
			isa = XCConfigurationList;
			buildConfigurations = (
				7C28D6221FD8F00E00BD8A00 /* Debug */,
				7C28D6231FD8F00E00BD8A00 /* Release */,
			);
			defaultConfigurationIsVisible = 0;
			defaultConfigurationName = Release;
		};
		7C28D6241FD8F00E00BD8A00 /* Build configuration list for PBXNativeTarget "SHSegmentedControlTableView" */ = {
			isa = XCConfigurationList;
			buildConfigurations = (
				7C28D6251FD8F00E00BD8A00 /* Debug */,
				7C28D6261FD8F00E00BD8A00 /* Release */,
			);
			defaultConfigurationIsVisible = 0;
			defaultConfigurationName = Release;
		};
/* End XCConfigurationList section */
	};
	rootObject = 7C28D60A1FD8F00D00BD8A00 /* Project object */;
}
