// !$*UTF8*$!
{
	archiveVersion = 1;
	classes = {
	};
	objectVersion = 48;
	objects = {

/* Begin PBXBuildFile section */
		3E1C4B1ADCF8A8B460F41108 /* Pods_SHSegmentedControlTableView.framework in Frameworks */ = {isa = PBXBuildFile; fileRef = B34C79B3B6252B2D4149267E /* Pods_SHSegmentedControlTableView.framework */; };
		7C28D6161FD8F00E00BD8A00 /* AppDelegate.swift in Sources */ = {isa = PBXBuildFile; fileRef = 7C28D6151FD8F00E00BD8A00 /* AppDelegate.swift */; };
		7C28D6181FD8F00E00BD8A00 /* ViewController.swift in Sources */ = {isa = PBXBuildFile; fileRef = 7C28D6171FD8F00E00BD8A00 /* ViewController.swift */; };
		7C28D61B1FD8F00E00BD8A00 /* Main.storyboard in Resources */ = {isa = PBXBuildFile; fileRef = 7C28D6191FD8F00E00BD8A00 /* Main.storyboard */; };
		7C28D61D1FD8F00E00BD8A00 /* Assets.xcassets in Resources */ = {isa = PBXBuildFile; fileRef = 7C28D61C1FD8F00E00BD8A00 /* Assets.xcassets */; };
		7C28D6201FD8F00E00BD8A00 /* LaunchScreen.storyboard in Resources */ = {isa = PBXBuildFile; fileRef = 7C28D61E1FD8F00E00BD8A00 /* LaunchScreen.storyboard */; };
		7C3392C820B65FEF00F285D4 /* FifteenViewController.swift in Sources */ = {isa = PBXBuildFile; fileRef = 7C3392C720B65FEF00F285D4 /* FifteenViewController.swift */; };
		7C755E1F20204BBB007C28B5 /* TwoViewController.swift in Sources */ = {isa = PBXBuildFile; fileRef = 7C755E1E20204BBB007C28B5 /* TwoViewController.swift */; };
		7C755E2120204BF9007C28B5 /* ThreeViewController.swift in Sources */ = {isa = PBXBuildFile; fileRef = 7C755E2020204BF9007C28B5 /* ThreeViewController.swift */; };
		7C755E2320204DC7007C28B5 /* FourViewController.swift in Sources */ = {isa = PBXBuildFile; fileRef = 7C755E2220204DC7007C28B5 /* FourViewController.swift */; };
		7C755E2520204DCF007C28B5 /* FiveViewController.swift in Sources */ = {isa = PBXBuildFile; fileRef = 7C755E2420204DCF007C28B5 /* FiveViewController.swift */; };
		7C755E2720204DDF007C28B5 /* SixViewController.swift in Sources */ = {isa = PBXBuildFile; fileRef = 7C755E2620204DDF007C28B5 /* SixViewController.swift */; };
		7C755E2920204DE8007C28B5 /* SevViewController.swift in Sources */ = {isa = PBXBuildFile; fileRef = 7C755E2820204DE8007C28B5 /* SevViewController.swift */; };
		7C755E2B20204DF4007C28B5 /* EigViewController.swift in Sources */ = {isa = PBXBuildFile; fileRef = 7C755E2A20204DF4007C28B5 /* EigViewController.swift */; };
		7C755E2D20204DFB007C28B5 /* NineViewController.swift in Sources */ = {isa = PBXBuildFile; fileRef = 7C755E2C20204DFB007C28B5 /* NineViewController.swift */; };
		7C755E2F20204E02007C28B5 /* TenViewController.swift in Sources */ = {isa = PBXBuildFile; fileRef = 7C755E2E20204E02007C28B5 /* TenViewController.swift */; };
		7C755E3120204E0C007C28B5 /* ZeroViewController.swift in Sources */ = {isa = PBXBuildFile; fileRef = 7C755E3020204E0C007C28B5 /* ZeroViewController.swift */; };
		7C755E3320204E18007C28B5 /* ElevViewController.swift in Sources */ = {isa = PBXBuildFile; fileRef = 7C755E3220204E18007C28B5 /* ElevViewController.swift */; };
		7C755E352020509D007C28B5 /* Info.plist in Resources */ = {isa = PBXBuildFile; fileRef = 7C755E342020509D007C28B5 /* Info.plist */; };
		7C755E372020525A007C28B5 /* TestOneTableView.swift in Sources */ = {isa = PBXBuildFile; fileRef = 7C755E362020525A007C28B5 /* TestOneTableView.swift */; };
		7C755E3B202052A8007C28B5 /* TestCollectionView.swift in Sources */ = {isa = PBXBuildFile; fileRef = 7C755E3A202052A8007C28B5 /* TestCollectionView.swift */; };
		7C84705B20B43DF200D5EAD9 /* ThirteenViewController.swift in Sources */ = {isa = PBXBuildFile; fileRef = 7C84705A20B43DF200D5EAD9 /* ThirteenViewController.swift */; };
		7C84705D20B43E0300D5EAD9 /* FourteenViewController.swift in Sources */ = {isa = PBXBuildFile; fileRef = 7C84705C20B43E0300D5EAD9 /* FourteenViewController.swift */; };
		7C84705F20B43E1000D5EAD9 /* FourteenSubViewController.swift in Sources */ = {isa = PBXBuildFile; fileRef = 7C84705E20B43E1000D5EAD9 /* FourteenSubViewController.swift */; };
		7C84706120B43EC600D5EAD9 /* SHHeaderView.swift in Sources */ = {isa = PBXBuildFile; fileRef = 7C84706020B43EC600D5EAD9 /* SHHeaderView.swift */; };
		7C84706320B448D800D5EAD9 /* TwelveViewController.swift in Sources */ = {isa = PBXBuildFile; fileRef = 7C84706220B448D800D5EAD9 /* TwelveViewController.swift */; };
		7C9CB54E202030D800998BEB /* OneViewController.swift in Sources */ = {isa = PBXBuildFile; fileRef = 7C9CB54D202030D800998BEB /* OneViewController.swift */; };
		7C9CB5502020462400998BEB /* SHBaseViewController.swift in Sources */ = {isa = PBXBuildFile; fileRef = 7C9CB54F2020462400998BEB /* SHBaseViewController.swift */; };
/* End PBXBuildFile section */

/* Begin PBXFileReference section */
		5A3A626BC7E98B30A35218C7 /* Pods-SHSegmentedControlTableView.debug.xcconfig */ = {isa = PBXFileReference; includeInIndex = 1; lastKnownFileType = text.xcconfig; name = "Pods-SHSegmentedControlTableView.debug.xcconfig"; path = "Pods/Target Support Files/Pods-SHSegmentedControlTableView/Pods-SHSegmentedControlTableView.debug.xcconfig"; sourceTree = "<group>"; };
		7C28D6121FD8F00E00BD8A00 /* SHSegmentedControlTableView.app */ = {isa = PBXFileReference; explicitFileType = wrapper.application; includeInIndex = 0; path = SHSegmentedControlTableView.app; sourceTree = BUILT_PRODUCTS_DIR; };
		7C28D6151FD8F00E00BD8A00 /* AppDelegate.swift */ = {isa = PBXFileReference; lastKnownFileType = sourcecode.swift; path = AppDelegate.swift; sourceTree = "<group>"; };
		7C28D6171FD8F00E00BD8A00 /* ViewController.swift */ = {isa = PBXFileReference; lastKnownFileType = sourcecode.swift; path = ViewController.swift; sourceTree = "<group>"; };
		7C28D61A1FD8F00E00BD8A00 /* Base */ = {isa = PBXFileReference; lastKnownFileType = file.storyboard; name = Base; path = Base.lproj/Main.storyboard; sourceTree = "<group>"; };
		7C28D61C1FD8F00E00BD8A00 /* Assets.xcassets */ = {isa = PBXFileReference; lastKnownFileType = folder.assetcatalog; path = Assets.xcassets; sourceTree = "<group>"; };
		7C28D61F1FD8F00E00BD8A00 /* Base */ = {isa = PBXFileReference; lastKnownFileType = file.storyboard; name = Base; path = Base.lproj/LaunchScreen.storyboard; sourceTree = "<group>"; };
		7C3392C720B65FEF00F285D4 /* FifteenViewController.swift */ = {isa = PBXFileReference; lastKnownFileType = sourcecode.swift; path = FifteenViewController.swift; sourceTree = "<group>"; };
		7C755E1E20204BBB007C28B5 /* TwoViewController.swift */ = {isa = PBXFileReference; lastKnownFileType = sourcecode.swift; path = TwoViewController.swift; sourceTree = "<group>"; };
		7C755E2020204BF9007C28B5 /* ThreeViewController.swift */ = {isa = PBXFileReference; lastKnownFileType = sourcecode.swift; path = ThreeViewController.swift; sourceTree = "<group>"; };
		7C755E2220204DC7007C28B5 /* FourViewController.swift */ = {isa = PBXFileReference; lastKnownFileType = sourcecode.swift; path = FourViewController.swift; sourceTree = "<group>"; };
		7C755E2420204DCF007C28B5 /* FiveViewController.swift */ = {isa = PBXFileReference; lastKnownFileType = sourcecode.swift; path = FiveViewController.swift; sourceTree = "<group>"; };
		7C755E2620204DDF007C28B5 /* SixViewController.swift */ = {isa = PBXFileReference; lastKnownFileType = sourcecode.swift; path = SixViewController.swift; sourceTree = "<group>"; };
		7C755E2820204DE8007C28B5 /* SevViewController.swift */ = {isa = PBXFileReference; lastKnownFileType = sourcecode.swift; path = SevViewController.swift; sourceTree = "<group>"; };
		7C755E2A20204DF4007C28B5 /* EigViewController.swift */ = {isa = PBXFileReference; lastKnownFileType = sourcecode.swift; path = EigViewController.swift; sourceTree = "<group>"; };
		7C755E2C20204DFB007C28B5 /* NineViewController.swift */ = {isa = PBXFileReference; lastKnownFileType = sourcecode.swift; path = NineViewController.swift; sourceTree = "<group>"; };
		7C755E2E20204E02007C28B5 /* TenViewController.swift */ = {isa = PBXFileReference; lastKnownFileType = sourcecode.swift; path = TenViewController.swift; sourceTree = "<group>"; };
		7C755E3020204E0C007C28B5 /* ZeroViewController.swift */ = {isa = PBXFileReference; lastKnownFileType = sourcecode.swift; path = ZeroViewController.swift; sourceTree = "<group>"; };
		7C755E3220204E18007C28B5 /* ElevViewController.swift */ = {isa = PBXFileReference; lastKnownFileType = sourcecode.swift; path = ElevViewController.swift; sourceTree = "<group>"; };
		7C755E342020509D007C28B5 /* Info.plist */ = {isa = PBXFileReference; fileEncoding = 4; lastKnownFileType = text.plist.xml; name = Info.plist; path = SHSegmentedControlTableView/Info.plist; sourceTree = SOURCE_ROOT; };
		7C755E362020525A007C28B5 /* TestOneTableView.swift */ = {isa = PBXFileReference; lastKnownFileType = sourcecode.swift; path = TestOneTableView.swift; sourceTree = "<group>"; };
		7C755E3A202052A8007C28B5 /* TestCollectionView.swift */ = {isa = PBXFileReference; lastKnownFileType = sourcecode.swift; path = TestCollectionView.swift; sourceTree = "<group>"; };
		7C84705A20B43DF200D5EAD9 /* ThirteenViewController.swift */ = {isa = PBXFileReference; lastKnownFileType = sourcecode.swift; path = ThirteenViewController.swift; sourceTree = "<group>"; };
		7C84705C20B43E0300D5EAD9 /* FourteenViewController.swift */ = {isa = PBXFileReference; lastKnownFileType = sourcecode.swift; path = FourteenViewController.swift; sourceTree = "<group>"; };
		7C84705E20B43E1000D5EAD9 /* FourteenSubViewController.swift */ = {isa = PBXFileReference; lastKnownFileType = sourcecode.swift; path = FourteenSubViewController.swift; sourceTree = "<group>"; };
		7C84706020B43EC600D5EAD9 /* SHHeaderView.swift */ = {isa = PBXFileReference; lastKnownFileType = sourcecode.swift; path = SHHeaderView.swift; sourceTree = "<group>"; };
		7C84706220B448D800D5EAD9 /* TwelveViewController.swift */ = {isa = PBXFileReference; lastKnownFileType = sourcecode.swift; path = TwelveViewController.swift; sourceTree = "<group>"; };
		7C9CB54D202030D800998BEB /* OneViewController.swift */ = {isa = PBXFileReference; lastKnownFileType = sourcecode.swift; path = OneViewController.swift; sourceTree = "<group>"; };
		7C9CB54F2020462400998BEB /* SHBaseViewController.swift */ = {isa = PBXFileReference; lastKnownFileType = sourcecode.swift; path = SHBaseViewController.swift; sourceTree = "<group>"; };
		AC2E0DBB795F8B59AC721706 /* Pods-SHSegmentedControlTableView.release.xcconfig */ = {isa = PBXFileReference; includeInIndex = 1; lastKnownFileType = text.xcconfig; name = "Pods-SHSegmentedControlTableView.release.xcconfig"; path = "Pods/Target Support Files/Pods-SHSegmentedControlTableView/Pods-SHSegmentedControlTableView.release.xcconfig"; sourceTree = "<group>"; };
		B34C79B3B6252B2D4149267E /* Pods_SHSegmentedControlTableView.framework */ = {isa = PBXFileReference; explicitFileType = wrapper.framework; includeInIndex = 0; path = Pods_SHSegmentedControlTableView.framework; sourceTree = BUILT_PRODUCTS_DIR; };
/* End PBXFileReference section */

/* Begin PBXFrameworksBuildPhase section */
		7C28D60F1FD8F00E00BD8A00 /* Frameworks */ = {
			isa = PBXFrameworksBuildPhase;
			buildActionMask = 2147483647;
			files = (
				3E1C4B1ADCF8A8B460F41108 /* Pods_SHSegmentedControlTableView.framework in Frameworks */,
			);
			runOnlyForDeploymentPostprocessing = 0;
		};
/* End PBXFrameworksBuildPhase section */

/* Begin PBXGroup section */
		56660CB8B20BFA1511A73450 /* Pods */ = {
			isa = PBXGroup;
			children = (
				5A3A626BC7E98B30A35218C7 /* Pods-SHSegmentedControlTableView.debug.xcconfig */,
				AC2E0DBB795F8B59AC721706 /* Pods-SHSegmentedControlTableView.release.xcconfig */,
			);
			name = Pods;
			sourceTree = "<group>";
		};
		6FA92847DC37A93CED4CB4DD /* Frameworks */ = {
			isa = PBXGroup;
			children = (
				B34C79B3B6252B2D4149267E /* Pods_SHSegmentedControlTableView.framework */,
			);
			name = Frameworks;
			sourceTree = "<group>";
		};
		7C28D6091FD8F00D00BD8A00 = {
			isa = PBXGroup;
			children = (
				7C28D6141FD8F00E00BD8A00 /* SHSegmentedControlTableView */,
				7C28D6131FD8F00E00BD8A00 /* Products */,
				56660CB8B20BFA1511A73450 /* Pods */,
				6FA92847DC37A93CED4CB4DD /* Frameworks */,
			);
			sourceTree = "<group>";
		};
		7C28D6131FD8F00E00BD8A00 /* Products */ = {
			isa = PBXGroup;
			children = (
				7C28D6121FD8F00E00BD8A00 /* SHSegmentedControlTableView.app */,
			);
			name = Products;
			sourceTree = "<group>";
		};
		7C28D6141FD8F00E00BD8A00 /* SHSegmentedControlTableView */ = {
			isa = PBXGroup;
			children = (
				7C28D6171FD8F00E00BD8A00 /* ViewController.swift */,
				7C9CB54D202030D800998BEB /* OneViewController.swift */,
				7C755E1E20204BBB007C28B5 /* TwoViewController.swift */,
				7C755E2020204BF9007C28B5 /* ThreeViewController.swift */,
				7C755E2220204DC7007C28B5 /* FourViewController.swift */,
				7C755E2420204DCF007C28B5 /* FiveViewController.swift */,
				7C755E2620204DDF007C28B5 /* SixViewController.swift */,
				7C755E2820204DE8007C28B5 /* SevViewController.swift */,
				7C755E2A20204DF4007C28B5 /* EigViewController.swift */,
				7C755E2C20204DFB007C28B5 /* NineViewController.swift */,
				7C755E2E20204E02007C28B5 /* TenViewController.swift */,
				7C755E3020204E0C007C28B5 /* ZeroViewController.swift */,
				7C755E3220204E18007C28B5 /* ElevViewController.swift */,
				7C84706220B448D800D5EAD9 /* TwelveViewController.swift */,
				7C84705A20B43DF200D5EAD9 /* ThirteenViewController.swift */,
				7C84705C20B43E0300D5EAD9 /* FourteenViewController.swift */,
				7C84705E20B43E1000D5EAD9 /* FourteenSubViewController.swift */,
				7C3392C720B65FEF00F285D4 /* FifteenViewController.swift */,
				7C755E362020525A007C28B5 /* TestOneTableView.swift */,
				7C755E3A202052A8007C28B5 /* TestCollectionView.swift */,
				7C84706020B43EC600D5EAD9 /* SHHeaderView.swift */,
				7C9CB551202046E200998BEB /* main */,
			);
			path = SHSegmentedControlTableView;
			sourceTree = "<group>";
		};
		7C9CB551202046E200998BEB /* main */ = {
			isa = PBXGroup;
			children = (
				7C28D6151FD8F00E00BD8A00 /* AppDelegate.swift */,
				7C9CB54F2020462400998BEB /* SHBaseViewController.swift */,
				7C28D6191FD8F00E00BD8A00 /* Main.storyboard */,
				7C28D61C1FD8F00E00BD8A00 /* Assets.xcassets */,
				7C28D61E1FD8F00E00BD8A00 /* LaunchScreen.storyboard */,
				7C755E342020509D007C28B5 /* Info.plist */,
			);
			path = main;
			sourceTree = "<group>";
		};
/* End PBXGroup section */

/* Begin PBXNativeTarget section */
		7C28D6111FD8F00E00BD8A00 /* SHSegmentedControlTableView */ = {
			isa = PBXNativeTarget;
			buildConfigurationList = 7C28D6241FD8F00E00BD8A00 /* Build configuration list for PBXNativeTarget "SHSegmentedControlTableView" */;
			buildPhases = (
				B7B26C95B6F0C86200764EBD /* [CP] Check Pods Manifest.lock */,
				7C28D60E1FD8F00E00BD8A00 /* Sources */,
				7C28D60F1FD8F00E00BD8A00 /* Frameworks */,
				7C28D6101FD8F00E00BD8A00 /* Resources */,
				B7E0B9423FE759327D51A913 /* [CP] Embed Pods Frameworks */,
			);
			buildRules = (
			);
			dependencies = (
			);
			name = SHSegmentedControlTableView;
			productName = SHSegmentedControlTableView;
			productReference = 7C28D6121FD8F00E00BD8A00 /* SHSegmentedControlTableView.app */;
			productType = "com.apple.product-type.application";
		};
/* End PBXNativeTarget section */

/* Begin PBXProject section */
		7C28D60A1FD8F00D00BD8A00 /* Project object */ = {
			isa = PBXProject;
			attributes = {
				LastSwiftUpdateCheck = 0910;
				LastUpgradeCheck = 0910;
				ORGANIZATIONNAME = angle;
				TargetAttributes = {
					7C28D6111FD8F00E00BD8A00 = {
						CreatedOnToolsVersion = 9.1;
						ProvisioningStyle = Automatic;
					};
				};
			};
			buildConfigurationList = 7C28D60D1FD8F00D00BD8A00 /* Build configuration list for PBXProject "SHSegmentedControlTableView" */;
			compatibilityVersion = "Xcode 8.0";
			developmentRegion = en;
			hasScannedForEncodings = 0;
			knownRegions = (
				en,
				Base,
			);
			mainGroup = 7C28D6091FD8F00D00BD8A00;
			productRefGroup = 7C28D6131FD8F00E00BD8A00 /* Products */;
			projectDirPath = "";
			projectRoot = "";
			targets = (
				7C28D6111FD8F00E00BD8A00 /* SHSegmentedControlTableView */,
			);
		};
/* End PBXProject section */

/* Begin PBXResourcesBuildPhase section */
		7C28D6101FD8F00E00BD8A00 /* Resources */ = {
			isa = PBXResourcesBuildPhase;
			buildActionMask = 2147483647;
			files = (
				7C755E352020509D007C28B5 /* Info.plist in Resources */,
				7C28D6201FD8F00E00BD8A00 /* LaunchScreen.storyboard in Resources */,
				7C28D61D1FD8F00E00BD8A00 /* Assets.xcassets in Resources */,
				7C28D61B1FD8F00E00BD8A00 /* Main.storyboard in Resources */,
			);
			runOnlyForDeploymentPostprocessing = 0;
		};
/* End PBXResourcesBuildPhase section */

/* Begin PBXShellScriptBuildPhase section */
		B7B26C95B6F0C86200764EBD /* [CP] Check Pods Manifest.lock */ = {
			isa = PBXShellScriptBuildPhase;
			buildActionMask = 2147483647;
			files = (
			);
			inputPaths = (
				"${PODS_PODFILE_DIR_PATH}/Podfile.lock",
				"${PODS_ROOT}/Manifest.lock",
			);
			name = "[CP] Check Pods Manifest.lock";
			outputPaths = (
				"$(DERIVED_FILE_DIR)/Pods-SHSegmentedControlTableView-checkManifestLockResult.txt",
			);
			runOnlyForDeploymentPostprocessing = 0;
			shellPath = /bin/sh;
			shellScript = "diff \"${PODS_PODFILE_DIR_PATH}/Podfile.lock\" \"${PODS_ROOT}/Manifest.lock\" > /dev/null\nif [ $? != 0 ] ; then\n    # print error to STDERR\n    echo \"error: The sandbox is not in sync with the Podfile.lock. Run 'pod install' or update your CocoaPods installation.\" >&2\n    exit 1\nfi\n# This output is used by Xcode 'outputs' to avoid re-running this script phase.\necho \"SUCCESS\" > \"${SCRIPT_OUTPUT_FILE_0}\"\n";
			showEnvVarsInLog = 0;
		};
		B7E0B9423FE759327D51A913 /* [CP] Embed Pods Frameworks */ = {
			isa = PBXShellScriptBuildPhase;
			buildActionMask = 2147483647;
			files = (
			);
			inputPaths = (
				"${SRCROOT}/Pods/Target Support Files/Pods-SHSegmentedControlTableView/Pods-SHSegmentedControlTableView-frameworks.sh",
				"${BUILT_PRODUCTS_DIR}/MJRefresh/MJRefresh.framework",
				"${BUILT_PRODUCTS_DIR}/Masonry/Masonry.framework",
				"${BUILT_PRODUCTS_DIR}/SHSegmentedControl/SHSegmentedControl.framework",
			);
			name = "[CP] Embed Pods Frameworks";
			outputPaths = (
				"${TARGET_BUILD_DIR}/${FRAMEWORKS_FOLDER_PATH}/MJRefresh.framework",
				"${TARGET_BUILD_DIR}/${FRAMEWORKS_FOLDER_PATH}/Masonry.framework",
				"${TARGET_BUILD_DIR}/${FRAMEWORKS_FOLDER_PATH}/SHSegmentedControl.framework",
			);
			runOnlyForDeploymentPostprocessing = 0;
			shellPath = /bin/sh;
			shellScript = "\"${SRCROOT}/Pods/Target Support Files/Pods-SHSegmentedControlTableView/Pods-SHSegmentedControlTableView-frameworks.sh\"\n";
			showEnvVarsInLog = 0;
		};
/* End PBXShellScriptBuildPhase section */

/* Begin PBXSourcesBuildPhase section */
		7C28D60E1FD8F00E00BD8A00 /* Sources */ = {
			isa = PBXSourcesBuildPhase;
			buildActionMask = 2147483647;
			files = (
				7C755E2720204DDF007C28B5 /* SixViewController.swift in Sources */,
				7C84705B20B43DF200D5EAD9 /* ThirteenViewController.swift in Sources */,
				7C3392C820B65FEF00F285D4 /* FifteenViewController.swift in Sources */,
				7C755E1F20204BBB007C28B5 /* TwoViewController.swift in Sources */,
				7C84706320B448D800D5EAD9 /* TwelveViewController.swift in Sources */,
				7C9CB54E202030D800998BEB /* OneViewController.swift in Sources */,
				7C755E2320204DC7007C28B5 /* FourViewController.swift in Sources */,
				7C28D6181FD8F00E00BD8A00 /* ViewController.swift in Sources */,
				7C755E2520204DCF007C28B5 /* FiveViewController.swift in Sources */,
				7C84705D20B43E0300D5EAD9 /* FourteenViewController.swift in Sources */,
				7C755E372020525A007C28B5 /* TestOneTableView.swift in Sources */,
				7C755E3120204E0C007C28B5 /* ZeroViewController.swift in Sources */,
				7C755E2120204BF9007C28B5 /* ThreeViewController.swift in Sources */,
				7C755E2F20204E02007C28B5 /* TenViewController.swift in Sources */,
				7C9CB5502020462400998BEB /* SHBaseViewController.swift in Sources */,
				7C755E3B202052A8007C28B5 /* TestCollectionView.swift in Sources */,
				7C84706120B43EC600D5EAD9 /* SHHeaderView.swift in Sources */,
				7C755E2D20204DFB007C28B5 /* NineViewController.swift in Sources */,
				7C84705F20B43E1000D5EAD9 /* FourteenSubViewController.swift in Sources */,
				7C28D6161FD8F00E00BD8A00 /* AppDelegate.swift in Sources */,
				7C755E2920204DE8007C28B5 /* SevViewController.swift in Sources */,
				7C755E2B20204DF4007C28B5 /* EigViewController.swift in Sources */,
				7C755E3320204E18007C28B5 /* ElevViewController.swift in Sources */,
			);
			runOnlyForDeploymentPostprocessing = 0;
		};
/* End PBXSourcesBuildPhase section */

/* Begin PBXVariantGroup section */
		7C28D6191FD8F00E00BD8A00 /* Main.storyboard */ = {
			isa = PBXVariantGroup;
			children = (
				7C28D61A1FD8F00E00BD8A00 /* Base */,
			);
			name = Main.storyboard;
			sourceTree = "<group>";
		};
		7C28D61E1FD8F00E00BD8A00 /* LaunchScreen.storyboard */ = {
			isa = PBXVariantGroup;
			children = (
				7C28D61F1FD8F00E00BD8A00 /* Base */,
			);
			name = LaunchScreen.storyboard;
			sourceTree = "<group>";
		};
/* End PBXVariantGroup section */

/* Begin XCBuildConfiguration section */
		7C28D6221FD8F00E00BD8A00 /* Debug */ = {
			isa = XCBuildConfiguration;
			buildSettings = {
				ALWAYS_SEARCH_USER_PATHS = NO;
				CLANG_ANALYZER_NONNULL = YES;
				CLANG_ANALYZER_NUMBER_OBJECT_CONVERSION = YES_AGGRESSIVE;
				CLANG_CXX_LANGUAGE_STANDARD = "gnu++14";
				CLANG_CXX_LIBRARY = "libc++";
				CLANG_ENABLE_MODULES = YES;
				CLANG_ENABLE_OBJC_ARC = YES;
				CLANG_WARN_BLOCK_CAPTURE_AUTORELEASING = YES;
				CLANG_WARN_BOOL_CONVERSION = YES;
				CLANG_WARN_COMMA = YES;
				CLANG_WARN_CONSTANT_CONVERSION = YES;
				CLANG_WARN_DIRECT_OBJC_ISA_USAGE = YES_ERROR;
				CLANG_WARN_DOCUMENTATION_COMMENTS = YES;
				CLANG_WARN_EMPTY_BODY = YES;
				CLANG_WARN_ENUM_CONVERSION = YES;
				CLANG_WARN_INFINITE_RECURSION = YES;
				CLANG_WARN_INT_CONVERSION = YES;
				CLANG_WARN_NON_LITERAL_NULL_CONVERSION = YES;
				CLANG_WARN_OBJC_LITERAL_CONVERSION = YES;
				CLANG_WARN_OBJC_ROOT_CLASS = YES_ERROR;
				CLANG_WARN_RANGE_LOOP_ANALYSIS = YES;
				CLANG_WARN_STRICT_PROTOTYPES = YES;
				CLANG_WARN_SUSPICIOUS_MOVE = YES;
				CLANG_WARN_UNGUARDED_AVAILABILITY = YES_AGGRESSIVE;
				CLANG_WARN_UNREACHABLE_CODE = YES;
				CLANG_WARN__DUPLICATE_METHOD_MATCH = YES;
				CODE_SIGN_IDENTITY = "iPhone Developer";
				COPY_PHASE_STRIP = NO;
				DEBUG_INFORMATION_FORMAT = dwarf;
				ENABLE_STRICT_OBJC_MSGSEND = YES;
				ENABLE_TESTABILITY = YES;
				GCC_C_LANGUAGE_STANDARD = gnu11;
				GCC_DYNAMIC_NO_PIC = NO;
				GCC_NO_COMMON_BLOCKS = YES;
				GCC_OPTIMIZATION_LEVEL = 0;
				GCC_PREPROCESSOR_DEFINITIONS = (
					"DEBUG=1",
					"$(inherited)",
				);
				GCC_WARN_64_TO_32_BIT_CONVERSION = YES;
				GCC_WARN_ABOUT_RETURN_TYPE = YES_ERROR;
				GCC_WARN_UNDECLARED_SELECTOR = YES;
				GCC_WARN_UNINITIALIZED_AUTOS = YES_AGGRESSIVE;
				GCC_WARN_UNUSED_FUNCTION = YES;
				GCC_WARN_UNUSED_VARIABLE = YES;
				IPHONEOS_DEPLOYMENT_TARGET = 11.1;
				MTL_ENABLE_DEBUG_INFO = YES;
				ONLY_ACTIVE_ARCH = YES;
				SDKROOT = iphoneos;
				SWIFT_ACTIVE_COMPILATION_CONDITIONS = DEBUG;
				SWIFT_OPTIMIZATION_LEVEL = "-Onone";
			};
			name = Debug;
		};
		7C28D6231FD8F00E00BD8A00 /* Release */ = {
			isa = XCBuildConfiguration;
			buildSettings = {
				ALWAYS_SEARCH_USER_PATHS = NO;
				CLANG_ANALYZER_NONNULL = YES;
				CLANG_ANALYZER_NUMBER_OBJECT_CONVERSION = YES_AGGRESSIVE;
				CLANG_CXX_LANGUAGE_STANDARD = "gnu++14";
				CLANG_CXX_LIBRARY = "libc++";
				CLANG_ENABLE_MODULES = YES;
				CLANG_ENABLE_OBJC_ARC = YES;
				CLANG_WARN_BLOCK_CAPTURE_AUTORELEASING = YES;
				CLANG_WARN_BOOL_CONVERSION = YES;
				CLANG_WARN_COMMA = YES;
				CLANG_WARN_CONSTANT_CONVERSION = YES;
				CLANG_WARN_DIRECT_OBJC_ISA_USAGE = YES_ERROR;
				CLANG_WARN_DOCUMENTATION_COMMENTS = YES;
				CLANG_WARN_EMPTY_BODY = YES;
				CLANG_WARN_ENUM_CONVERSION = YES;
				CLANG_WARN_INFINITE_RECURSION = YES;
				CLANG_WARN_INT_CONVERSION = YES;
				CLANG_WARN_NON_LITERAL_NULL_CONVERSION = YES;
				CLANG_WARN_OBJC_LITERAL_CONVERSION = YES;
				CLANG_WARN_OBJC_ROOT_CLASS = YES_ERROR;
				CLANG_WARN_RANGE_LOOP_ANALYSIS = YES;
				CLANG_WARN_STRICT_PROTOTYPES = YES;
				CLANG_WARN_SUSPICIOUS_MOVE = YES;
				CLANG_WARN_UNGUARDED_AVAILABILITY = YES_AGGRESSIVE;
				CLANG_WARN_UNREACHABLE_CODE = YES;
				CLANG_WARN__DUPLICATE_METHOD_MATCH = YES;
				CODE_SIGN_IDENTITY = "iPhone Developer";
				COPY_PHASE_STRIP = NO;
				DEBUG_INFORMATION_FORMAT = "dwarf-with-dsym";
				ENABLE_NS_ASSERTIONS = NO;
				ENABLE_STRICT_OBJC_MSGSEND = YES;
				GCC_C_LANGUAGE_STANDARD = gnu11;
				GCC_NO_COMMON_BLOCKS = YES;
				GCC_WARN_64_TO_32_BIT_CONVERSION = YES;
				GCC_WARN_ABOUT_RETURN_TYPE = YES_ERROR;
				GCC_WARN_UNDECLARED_SELECTOR = YES;
				GCC_WARN_UNINITIALIZED_AUTOS = YES_AGGRESSIVE;
				GCC_WARN_UNUSED_FUNCTION = YES;
				GCC_WARN_UNUSED_VARIABLE = YES;
				IPHONEOS_DEPLOYMENT_TARGET = 11.1;
				MTL_ENABLE_DEBUG_INFO = NO;
				SDKROOT = iphoneos;
				SWIFT_OPTIMIZATION_LEVEL = "-Owholemodule";
				VALIDATE_PRODUCT = YES;
			};
			name = Release;
		};
		7C28D6251FD8F00E00BD8A00 /* Debug */ = {
			isa = XCBuildConfiguration;
			baseConfigurationReference = 5A3A626BC7E98B30A35218C7 /* Pods-SHSegmentedControlTableView.debug.xcconfig */;
			buildSettings = {
				ASSETCATALOG_COMPILER_APPICON_NAME = AppIcon;
				CODE_SIGN_STYLE = Automatic;
				DEVELOPMENT_TEAM = 48E9K7TPMY;
				INFOPLIST_FILE = SHSegmentedControlTableView/Info.plist;
				LD_RUNPATH_SEARCH_PATHS = "$(inherited) @executable_path/Frameworks";
				PRODUCT_BUNDLE_IDENTIFIER = com.angle.SHSegmentedControlTableView;
				PRODUCT_NAME = "$(TARGET_NAME)";
				SWIFT_VERSION = 4.0;
				TARGETED_DEVICE_FAMILY = "1,2";
			};
			name = Debug;
		};
		7C28D6261FD8F00E00BD8A00 /* Release */ = {
			isa = XCBuildConfiguration;
			baseConfigurationReference = AC2E0DBB795F8B59AC721706 /* Pods-SHSegmentedControlTableView.release.xcconfig */;
			buildSettings = {
				ASSETCATALOG_COMPILER_APPICON_NAME = AppIcon;
				CODE_SIGN_STYLE = Automatic;
				DEVELOPMENT_TEAM = 48E9K7TPMY;
				INFOPLIST_FILE = SHSegmentedControlTableView/Info.plist;
				LD_RUNPATH_SEARCH_PATHS = "$(inherited) @executable_path/Frameworks";
				PRODUCT_BUNDLE_IDENTIFIER = com.angle.SHSegmentedControlTableView;
				PRODUCT_NAME = "$(TARGET_NAME)";
				SWIFT_VERSION = 4.0;
				TARGETED_DEVICE_FAMILY = "1,2";
			};
			name = Release;
		};
/* End XCBuildConfiguration section */

/* Begin XCConfigurationList section */
		7C28D60D1FD8F00D00BD8A00 /* Build configuration list for PBXProject "SHSegmentedControlTableView" */ = {
			isa = XCConfigurationList;
			buildConfigurations = (
				7C28D6221FD8F00E00BD8A00 /* Debug */,
				7C28D6231FD8F00E00BD8A00 /* Release */,
			);
			defaultConfigurationIsVisible = 0;
			defaultConfigurationName = Release;
		};
		7C28D6241FD8F00E00BD8A00 /* Build configuration list for PBXNativeTarget "SHSegmentedControlTableView" */ = {
			isa = XCConfigurationList;
			buildConfigurations = (
				7C28D6251FD8F00E00BD8A00 /* Debug */,
				7C28D6261FD8F00E00BD8A00 /* Release */,
			);
			defaultConfigurationIsVisible = 0;
			defaultConfigurationName = Release;
		};
/* End XCConfigurationList section */
	};
	rootObject = 7C28D60A1FD8F00D00BD8A00 /* Project object */;
}
