// !$*UTF8*$!
{
	archiveVersion = 1;
	classes = {
	};
	objectVersion = 48;
	objects = {

/* Begin PBXBuildFile section */
		3E7C49F721193DC400F2B8F7 /* EighteenViewController.m in Sources */ = {isa = PBXBuildFile; fileRef = 3E7C49F621193DC400F2B8F7 /* EighteenViewController.m */; };
		73B19A7D64941D59AD31C24A /* libPods-SHSegmentedControlTableView.a in Frameworks */ = {isa = PBXBuildFile; fileRef = E7A70E356D11D091D235CCF0 /* libPods-SHSegmentedControlTableView.a */; };
		7C3392C620B65DEA00F285D4 /* FifteenViewController.m in Sources */ = {isa = PBXBuildFile; fileRef = 7C3392C520B65DEA00F285D4 /* FifteenViewController.m */; };
		7C415A4E207B597D00DD356C /* ThirteenViewController.m in Sources */ = {isa = PBXBuildFile; fileRef = 7C415A4D207B597C00DD356C /* ThirteenViewController.m */; };
		7C415A51207B5AAE00DD356C /* SHHeaderView.m in Sources */ = {isa = PBXBuildFile; fileRef = 7C415A50207B5AAE00DD356C /* SHHeaderView.m */; };
		7C48E1E01F9DE35D002E23AA /* FiveViewController.m in Sources */ = {isa = PBXBuildFile; fileRef = 7C48E1DF1F9DE35D002E23AA /* FiveViewController.m */; };
		7C48E1E31F9DE36A002E23AA /* SixViewController.m in Sources */ = {isa = PBXBuildFile; fileRef = 7C48E1E21F9DE36A002E23AA /* SixViewController.m */; };
		7C48E1E61F9DE373002E23AA /* SevenViewController.m in Sources */ = {isa = PBXBuildFile; fileRef = 7C48E1E51F9DE373002E23AA /* SevenViewController.m */; };
		7C48E1E91F9DE37B002E23AA /* EightViewController.m in Sources */ = {isa = PBXBuildFile; fileRef = 7C48E1E81F9DE37B002E23AA /* EightViewController.m */; };
		7C48E1EC1F9DE386002E23AA /* NineViewController.m in Sources */ = {isa = PBXBuildFile; fileRef = 7C48E1EB1F9DE386002E23AA /* NineViewController.m */; };
		7C48E1EF1F9DE38F002E23AA /* TenViewController.m in Sources */ = {isa = PBXBuildFile; fileRef = 7C48E1EE1F9DE38F002E23AA /* TenViewController.m */; };
		7C48E1F21F9DE397002E23AA /* ZeroViewController.m in Sources */ = {isa = PBXBuildFile; fileRef = 7C48E1F11F9DE397002E23AA /* ZeroViewController.m */; };
		7C48E1F51F9DE9BB002E23AA /* TestCollectionView.m in Sources */ = {isa = PBXBuildFile; fileRef = 7C48E1F41F9DE9BB002E23AA /* TestCollectionView.m */; };
		7C64733A20F77AA1002C6585 /* SixteenViewController.m in Sources */ = {isa = PBXBuildFile; fileRef = 7C64733920F77AA1002C6585 /* SixteenViewController.m */; };
		7C64734620F8A745002C6585 /* OneViewController.m in Sources */ = {isa = PBXBuildFile; fileRef = 7C64734520F8A744002C6585 /* OneViewController.m */; };
		7C64734920F8AD37002C6585 /* SeventeenViewController.m in Sources */ = {isa = PBXBuildFile; fileRef = 7C64734820F8AD37002C6585 /* SeventeenViewController.m */; };
		7C84705520B40BAD00D5EAD9 /* FourteenViewController.m in Sources */ = {isa = PBXBuildFile; fileRef = 7C84705420B40BAD00D5EAD9 /* FourteenViewController.m */; };
		7C84705820B40BC900D5EAD9 /* FourteenSubViewController.m in Sources */ = {isa = PBXBuildFile; fileRef = 7C84705720B40BC900D5EAD9 /* FourteenSubViewController.m */; };
		7CBCA1D21F98B19F00349014 /* TestOneTableView.m in Sources */ = {isa = PBXBuildFile; fileRef = 7CBCA1D11F98B19F00349014 /* TestOneTableView.m */; };
		7CBCA1D61F99D3B700349014 /* SHBaseViewController.m in Sources */ = {isa = PBXBuildFile; fileRef = 7CBCA1D51F99D3B700349014 /* SHBaseViewController.m */; };
		7CBCA1D91F99D78D00349014 /* TwoViewController.m in Sources */ = {isa = PBXBuildFile; fileRef = 7CBCA1D81F99D78D00349014 /* TwoViewController.m */; };
		7CD1D26A1F8CAD920097302C /* AppDelegate.m in Sources */ = {isa = PBXBuildFile; fileRef = 7CD1D2691F8CAD920097302C /* AppDelegate.m */; };
		7CD1D26D1F8CAD920097302C /* ViewController.m in Sources */ = {isa = PBXBuildFile; fileRef = 7CD1D26C1F8CAD920097302C /* ViewController.m */; };
		7CD1D2701F8CAD920097302C /* Main.storyboard in Resources */ = {isa = PBXBuildFile; fileRef = 7CD1D26E1F8CAD920097302C /* Main.storyboard */; };
		7CD1D2721F8CAD920097302C /* Assets.xcassets in Resources */ = {isa = PBXBuildFile; fileRef = 7CD1D2711F8CAD920097302C /* Assets.xcassets */; };
		7CD1D2751F8CAD920097302C /* LaunchScreen.storyboard in Resources */ = {isa = PBXBuildFile; fileRef = 7CD1D2731F8CAD920097302C /* LaunchScreen.storyboard */; };
		7CD1D2781F8CAD920097302C /* main.m in Sources */ = {isa = PBXBuildFile; fileRef = 7CD1D2771F8CAD920097302C /* main.m */; };
		7CD6B7CF20720D5B00ECEAE0 /* TwelveViewController.m in Sources */ = {isa = PBXBuildFile; fileRef = 7CD6B7CE20720D5B00ECEAE0 /* TwelveViewController.m */; };
		7CD8C7742015D9830044825F /* ElevenViewController.m in Sources */ = {isa = PBXBuildFile; fileRef = 7CD8C7732015D9830044825F /* ElevenViewController.m */; };
		7CF3FFC41F99F0E800758917 /* ThreeViewController.m in Sources */ = {isa = PBXBuildFile; fileRef = 7CF3FFC31F99F0E800758917 /* ThreeViewController.m */; };
		7CF3FFC71F99F16200758917 /* FourViewController.m in Sources */ = {isa = PBXBuildFile; fileRef = 7CF3FFC61F99F16200758917 /* FourViewController.m */; };
		D8CE4E0022BC709000EB5961 /* NineteenViewController.m in Sources */ = {isa = PBXBuildFile; fileRef = D8CE4DFF22BC709000EB5961 /* NineteenViewController.m */; };
		D8CE4E0222BCF16D00EB5961 /* README.md in Resources */ = {isa = PBXBuildFile; fileRef = D8CE4E0122BCF16C00EB5961 /* README.md */; };
/* End PBXBuildFile section */

/* Begin PBXFileReference section */
		3E7C49F521193DC400F2B8F7 /* EighteenViewController.h */ = {isa = PBXFileReference; lastKnownFileType = sourcecode.c.h; path = EighteenViewController.h; sourceTree = "<group>"; };
		3E7C49F621193DC400F2B8F7 /* EighteenViewController.m */ = {isa = PBXFileReference; lastKnownFileType = sourcecode.c.objc; path = EighteenViewController.m; sourceTree = "<group>"; };
		4ED29334A156E897E29FAB22 /* Pods-SHSegmentedControlTableView.release.xcconfig */ = {isa = PBXFileReference; includeInIndex = 1; lastKnownFileType = text.xcconfig; name = "Pods-SHSegmentedControlTableView.release.xcconfig"; path = "Pods/Target Support Files/Pods-SHSegmentedControlTableView/Pods-SHSegmentedControlTableView.release.xcconfig"; sourceTree = "<group>"; };
		7C3392C420B65DEA00F285D4 /* FifteenViewController.h */ = {isa = PBXFileReference; lastKnownFileType = sourcecode.c.h; path = FifteenViewController.h; sourceTree = "<group>"; };
		7C3392C520B65DEA00F285D4 /* FifteenViewController.m */ = {isa = PBXFileReference; lastKnownFileType = sourcecode.c.objc; path = FifteenViewController.m; sourceTree = "<group>"; };
		7C415A4C207B597C00DD356C /* ThirteenViewController.h */ = {isa = PBXFileReference; lastKnownFileType = sourcecode.c.h; path = ThirteenViewController.h; sourceTree = "<group>"; };
		7C415A4D207B597C00DD356C /* ThirteenViewController.m */ = {isa = PBXFileReference; lastKnownFileType = sourcecode.c.objc; path = ThirteenViewController.m; sourceTree = "<group>"; };
		7C415A4F207B5AAE00DD356C /* SHHeaderView.h */ = {isa = PBXFileReference; lastKnownFileType = sourcecode.c.h; path = SHHeaderView.h; sourceTree = "<group>"; };
		7C415A50207B5AAE00DD356C /* SHHeaderView.m */ = {isa = PBXFileReference; lastKnownFileType = sourcecode.c.objc; path = SHHeaderView.m; sourceTree = "<group>"; };
		7C48E1DE1F9DE35D002E23AA /* FiveViewController.h */ = {isa = PBXFileReference; lastKnownFileType = sourcecode.c.h; path = FiveViewController.h; sourceTree = "<group>"; };
		7C48E1DF1F9DE35D002E23AA /* FiveViewController.m */ = {isa = PBXFileReference; lastKnownFileType = sourcecode.c.objc; path = FiveViewController.m; sourceTree = "<group>"; };
		7C48E1E11F9DE36A002E23AA /* SixViewController.h */ = {isa = PBXFileReference; lastKnownFileType = sourcecode.c.h; path = SixViewController.h; sourceTree = "<group>"; };
		7C48E1E21F9DE36A002E23AA /* SixViewController.m */ = {isa = PBXFileReference; lastKnownFileType = sourcecode.c.objc; path = SixViewController.m; sourceTree = "<group>"; };
		7C48E1E41F9DE373002E23AA /* SevenViewController.h */ = {isa = PBXFileReference; lastKnownFileType = sourcecode.c.h; path = SevenViewController.h; sourceTree = "<group>"; };
		7C48E1E51F9DE373002E23AA /* SevenViewController.m */ = {isa = PBXFileReference; lastKnownFileType = sourcecode.c.objc; path = SevenViewController.m; sourceTree = "<group>"; };
		7C48E1E71F9DE37B002E23AA /* EightViewController.h */ = {isa = PBXFileReference; lastKnownFileType = sourcecode.c.h; path = EightViewController.h; sourceTree = "<group>"; };
		7C48E1E81F9DE37B002E23AA /* EightViewController.m */ = {isa = PBXFileReference; lastKnownFileType = sourcecode.c.objc; path = EightViewController.m; sourceTree = "<group>"; };
		7C48E1EA1F9DE386002E23AA /* NineViewController.h */ = {isa = PBXFileReference; lastKnownFileType = sourcecode.c.h; path = NineViewController.h; sourceTree = "<group>"; };
		7C48E1EB1F9DE386002E23AA /* NineViewController.m */ = {isa = PBXFileReference; lastKnownFileType = sourcecode.c.objc; path = NineViewController.m; sourceTree = "<group>"; };
		7C48E1ED1F9DE38F002E23AA /* TenViewController.h */ = {isa = PBXFileReference; lastKnownFileType = sourcecode.c.h; path = TenViewController.h; sourceTree = "<group>"; };
		7C48E1EE1F9DE38F002E23AA /* TenViewController.m */ = {isa = PBXFileReference; lastKnownFileType = sourcecode.c.objc; path = TenViewController.m; sourceTree = "<group>"; };
		7C48E1F01F9DE397002E23AA /* ZeroViewController.h */ = {isa = PBXFileReference; lastKnownFileType = sourcecode.c.h; path = ZeroViewController.h; sourceTree = "<group>"; };
		7C48E1F11F9DE397002E23AA /* ZeroViewController.m */ = {isa = PBXFileReference; lastKnownFileType = sourcecode.c.objc; path = ZeroViewController.m; sourceTree = "<group>"; };
		7C48E1F31F9DE9BB002E23AA /* TestCollectionView.h */ = {isa = PBXFileReference; lastKnownFileType = sourcecode.c.h; path = TestCollectionView.h; sourceTree = "<group>"; };
		7C48E1F41F9DE9BB002E23AA /* TestCollectionView.m */ = {isa = PBXFileReference; lastKnownFileType = sourcecode.c.objc; path = TestCollectionView.m; sourceTree = "<group>"; };
		7C64733820F77AA1002C6585 /* SixteenViewController.h */ = {isa = PBXFileReference; lastKnownFileType = sourcecode.c.h; path = SixteenViewController.h; sourceTree = "<group>"; };
		7C64733920F77AA1002C6585 /* SixteenViewController.m */ = {isa = PBXFileReference; lastKnownFileType = sourcecode.c.objc; path = SixteenViewController.m; sourceTree = "<group>"; };
		7C64734520F8A744002C6585 /* OneViewController.m */ = {isa = PBXFileReference; fileEncoding = 4; lastKnownFileType = sourcecode.c.objc; path = OneViewController.m; sourceTree = "<group>"; };
		7C64734720F8AD37002C6585 /* SeventeenViewController.h */ = {isa = PBXFileReference; lastKnownFileType = sourcecode.c.h; path = SeventeenViewController.h; sourceTree = "<group>"; };
		7C64734820F8AD37002C6585 /* SeventeenViewController.m */ = {isa = PBXFileReference; lastKnownFileType = sourcecode.c.objc; path = SeventeenViewController.m; sourceTree = "<group>"; };
		7C84705320B40BAD00D5EAD9 /* FourteenViewController.h */ = {isa = PBXFileReference; lastKnownFileType = sourcecode.c.h; path = FourteenViewController.h; sourceTree = "<group>"; };
		7C84705420B40BAD00D5EAD9 /* FourteenViewController.m */ = {isa = PBXFileReference; lastKnownFileType = sourcecode.c.objc; path = FourteenViewController.m; sourceTree = "<group>"; };
		7C84705620B40BC900D5EAD9 /* FourteenSubViewController.h */ = {isa = PBXFileReference; lastKnownFileType = sourcecode.c.h; path = FourteenSubViewController.h; sourceTree = "<group>"; };
		7C84705720B40BC900D5EAD9 /* FourteenSubViewController.m */ = {isa = PBXFileReference; lastKnownFileType = sourcecode.c.objc; path = FourteenSubViewController.m; sourceTree = "<group>"; };
		7CBCA1D01F98B19F00349014 /* TestOneTableView.h */ = {isa = PBXFileReference; lastKnownFileType = sourcecode.c.h; path = TestOneTableView.h; sourceTree = "<group>"; };
		7CBCA1D11F98B19F00349014 /* TestOneTableView.m */ = {isa = PBXFileReference; lastKnownFileType = sourcecode.c.objc; path = TestOneTableView.m; sourceTree = "<group>"; };
		7CBCA1D31F999D9600349014 /* PrefixHeader.pch */ = {isa = PBXFileReference; lastKnownFileType = sourcecode.c.h; path = PrefixHeader.pch; sourceTree = "<group>"; };
		7CBCA1D41F99D3B700349014 /* SHBaseViewController.h */ = {isa = PBXFileReference; lastKnownFileType = sourcecode.c.h; path = SHBaseViewController.h; sourceTree = "<group>"; };
		7CBCA1D51F99D3B700349014 /* SHBaseViewController.m */ = {isa = PBXFileReference; lastKnownFileType = sourcecode.c.objc; path = SHBaseViewController.m; sourceTree = "<group>"; };
		7CBCA1D71F99D78D00349014 /* TwoViewController.h */ = {isa = PBXFileReference; lastKnownFileType = sourcecode.c.h; path = TwoViewController.h; sourceTree = "<group>"; };
		7CBCA1D81F99D78D00349014 /* TwoViewController.m */ = {isa = PBXFileReference; lastKnownFileType = sourcecode.c.objc; path = TwoViewController.m; sourceTree = "<group>"; };
		7CD1D2651F8CAD920097302C /* SHSegmentedControlTableView.app */ = {isa = PBXFileReference; explicitFileType = wrapper.application; includeInIndex = 0; path = SHSegmentedControlTableView.app; sourceTree = BUILT_PRODUCTS_DIR; };
		7CD1D2681F8CAD920097302C /* AppDelegate.h */ = {isa = PBXFileReference; lastKnownFileType = sourcecode.c.h; path = AppDelegate.h; sourceTree = "<group>"; };
		7CD1D2691F8CAD920097302C /* AppDelegate.m */ = {isa = PBXFileReference; lastKnownFileType = sourcecode.c.objc; path = AppDelegate.m; sourceTree = "<group>"; };
		7CD1D26B1F8CAD920097302C /* ViewController.h */ = {isa = PBXFileReference; lastKnownFileType = sourcecode.c.h; path = ViewController.h; sourceTree = "<group>"; };
		7CD1D26C1F8CAD920097302C /* ViewController.m */ = {isa = PBXFileReference; lastKnownFileType = sourcecode.c.objc; path = ViewController.m; sourceTree = "<group>"; };
		7CD1D26F1F8CAD920097302C /* Base */ = {isa = PBXFileReference; lastKnownFileType = file.storyboard; name = Base; path = Base.lproj/Main.storyboard; sourceTree = "<group>"; };
		7CD1D2711F8CAD920097302C /* Assets.xcassets */ = {isa = PBXFileReference; lastKnownFileType = folder.assetcatalog; path = Assets.xcassets; sourceTree = "<group>"; };
		7CD1D2741F8CAD920097302C /* Base */ = {isa = PBXFileReference; lastKnownFileType = file.storyboard; name = Base; path = Base.lproj/LaunchScreen.storyboard; sourceTree = "<group>"; };
		7CD1D2761F8CAD920097302C /* Info.plist */ = {isa = PBXFileReference; lastKnownFileType = text.plist.xml; path = Info.plist; sourceTree = "<group>"; };
		7CD1D2771F8CAD920097302C /* main.m */ = {isa = PBXFileReference; lastKnownFileType = sourcecode.c.objc; path = main.m; sourceTree = "<group>"; };
		7CD1D2801F8CB1E20097302C /* OneViewController.h */ = {isa = PBXFileReference; lastKnownFileType = sourcecode.c.h; path = OneViewController.h; sourceTree = "<group>"; };
		7CD6B7CD20720D5B00ECEAE0 /* TwelveViewController.h */ = {isa = PBXFileReference; lastKnownFileType = sourcecode.c.h; path = TwelveViewController.h; sourceTree = "<group>"; };
		7CD6B7CE20720D5B00ECEAE0 /* TwelveViewController.m */ = {isa = PBXFileReference; lastKnownFileType = sourcecode.c.objc; path = TwelveViewController.m; sourceTree = "<group>"; };
		7CD8C7722015D9830044825F /* ElevenViewController.h */ = {isa = PBXFileReference; lastKnownFileType = sourcecode.c.h; path = ElevenViewController.h; sourceTree = "<group>"; };
		7CD8C7732015D9830044825F /* ElevenViewController.m */ = {isa = PBXFileReference; lastKnownFileType = sourcecode.c.objc; path = ElevenViewController.m; sourceTree = "<group>"; };
		7CF3FFC21F99F0E800758917 /* ThreeViewController.h */ = {isa = PBXFileReference; lastKnownFileType = sourcecode.c.h; path = ThreeViewController.h; sourceTree = "<group>"; };
		7CF3FFC31F99F0E800758917 /* ThreeViewController.m */ = {isa = PBXFileReference; lastKnownFileType = sourcecode.c.objc; path = ThreeViewController.m; sourceTree = "<group>"; };
		7CF3FFC51F99F16200758917 /* FourViewController.h */ = {isa = PBXFileReference; lastKnownFileType = sourcecode.c.h; path = FourViewController.h; sourceTree = "<group>"; };
		7CF3FFC61F99F16200758917 /* FourViewController.m */ = {isa = PBXFileReference; lastKnownFileType = sourcecode.c.objc; path = FourViewController.m; sourceTree = "<group>"; };
		9DE6F1068877755528F041C8 /* Pods-SHSegmentedControlTableView.debug.xcconfig */ = {isa = PBXFileReference; includeInIndex = 1; lastKnownFileType = text.xcconfig; name = "Pods-SHSegmentedControlTableView.debug.xcconfig"; path = "Pods/Target Support Files/Pods-SHSegmentedControlTableView/Pods-SHSegmentedControlTableView.debug.xcconfig"; sourceTree = "<group>"; };
		D8CE4DFE22BC709000EB5961 /* NineteenViewController.h */ = {isa = PBXFileReference; lastKnownFileType = sourcecode.c.h; path = NineteenViewController.h; sourceTree = "<group>"; };
		D8CE4DFF22BC709000EB5961 /* NineteenViewController.m */ = {isa = PBXFileReference; lastKnownFileType = sourcecode.c.objc; path = NineteenViewController.m; sourceTree = "<group>"; };
		D8CE4E0122BCF16C00EB5961 /* README.md */ = {isa = PBXFileReference; fileEncoding = 4; lastKnownFileType = net.daringfireball.markdown; path = README.md; sourceTree = SOURCE_ROOT; };
		E7A70E356D11D091D235CCF0 /* libPods-SHSegmentedControlTableView.a */ = {isa = PBXFileReference; explicitFileType = archive.ar; includeInIndex = 0; path = "libPods-SHSegmentedControlTableView.a"; sourceTree = BUILT_PRODUCTS_DIR; };
/* End PBXFileReference section */

/* Begin PBXFrameworksBuildPhase section */
		7CD1D2621F8CAD920097302C /* Frameworks */ = {
			isa = PBXFrameworksBuildPhase;
			buildActionMask = 2147483647;
			files = (
				73B19A7D64941D59AD31C24A /* libPods-SHSegmentedControlTableView.a in Frameworks */,
			);
			runOnlyForDeploymentPostprocessing = 0;
		};
/* End PBXFrameworksBuildPhase section */

/* Begin PBXGroup section */
		1745B506DAA41A28D8CFCCD9 /* Pods */ = {
			isa = PBXGroup;
			children = (
				9DE6F1068877755528F041C8 /* Pods-SHSegmentedControlTableView.debug.xcconfig */,
				4ED29334A156E897E29FAB22 /* Pods-SHSegmentedControlTableView.release.xcconfig */,
			);
			name = Pods;
			sourceTree = "<group>";
		};
		3D8527AFB45AEF3031019538 /* Frameworks */ = {
			isa = PBXGroup;
			children = (
				E7A70E356D11D091D235CCF0 /* libPods-SHSegmentedControlTableView.a */,
			);
			name = Frameworks;
			sourceTree = "<group>";
		};
		7CD1D25C1F8CAD920097302C = {
			isa = PBXGroup;
			children = (
				7CD1D2671F8CAD920097302C /* SHSegmentedControlTableView */,
				7CD1D2661F8CAD920097302C /* Products */,
				1745B506DAA41A28D8CFCCD9 /* Pods */,
				3D8527AFB45AEF3031019538 /* Frameworks */,
			);
			sourceTree = "<group>";
		};
		7CD1D2661F8CAD920097302C /* Products */ = {
			isa = PBXGroup;
			children = (
				7CD1D2651F8CAD920097302C /* SHSegmentedControlTableView.app */,
			);
			name = Products;
			sourceTree = "<group>";
		};
		7CD1D2671F8CAD920097302C /* SHSegmentedControlTableView */ = {
			isa = PBXGroup;
			children = (
				7CD1D27F1F8CB0620097302C /* Demo */,
				7CD1D2681F8CAD920097302C /* AppDelegate.h */,
				7CD1D2691F8CAD920097302C /* AppDelegate.m */,
				7CBCA1D41F99D3B700349014 /* SHBaseViewController.h */,
				7CBCA1D51F99D3B700349014 /* SHBaseViewController.m */,
				7CBCA1D31F999D9600349014 /* PrefixHeader.pch */,
				7CD1D26E1F8CAD920097302C /* Main.storyboard */,
				7CD1D2711F8CAD920097302C /* Assets.xcassets */,
				7CD1D2731F8CAD920097302C /* LaunchScreen.storyboard */,
				7CD1D2761F8CAD920097302C /* Info.plist */,
				7CD1D2771F8CAD920097302C /* main.m */,
				D8CE4E0122BCF16C00EB5961 /* README.md */,
			);
			path = SHSegmentedControlTableView;
			sourceTree = "<group>";
		};
		7CD1D27F1F8CB0620097302C /* Demo */ = {
			isa = PBXGroup;
			children = (
				7CBCA1D01F98B19F00349014 /* TestOneTableView.h */,
				7CBCA1D11F98B19F00349014 /* TestOneTableView.m */,
				7C48E1F31F9DE9BB002E23AA /* TestCollectionView.h */,
				7C48E1F41F9DE9BB002E23AA /* TestCollectionView.m */,
				7C415A4F207B5AAE00DD356C /* SHHeaderView.h */,
				7C415A50207B5AAE00DD356C /* SHHeaderView.m */,
				7CD1D26B1F8CAD920097302C /* ViewController.h */,
				7CD1D26C1F8CAD920097302C /* ViewController.m */,
				7CD1D2801F8CB1E20097302C /* OneViewController.h */,
				7C64734520F8A744002C6585 /* OneViewController.m */,
				7CBCA1D71F99D78D00349014 /* TwoViewController.h */,
				7CBCA1D81F99D78D00349014 /* TwoViewController.m */,
				7CF3FFC21F99F0E800758917 /* ThreeViewController.h */,
				7CF3FFC31F99F0E800758917 /* ThreeViewController.m */,
				7CF3FFC51F99F16200758917 /* FourViewController.h */,
				7CF3FFC61F99F16200758917 /* FourViewController.m */,
				7C48E1DE1F9DE35D002E23AA /* FiveViewController.h */,
				7C48E1DF1F9DE35D002E23AA /* FiveViewController.m */,
				7C48E1E11F9DE36A002E23AA /* SixViewController.h */,
				7C48E1E21F9DE36A002E23AA /* SixViewController.m */,
				7C48E1E41F9DE373002E23AA /* SevenViewController.h */,
				7C48E1E51F9DE373002E23AA /* SevenViewController.m */,
				7C48E1E71F9DE37B002E23AA /* EightViewController.h */,
				7C48E1E81F9DE37B002E23AA /* EightViewController.m */,
				7C48E1EA1F9DE386002E23AA /* NineViewController.h */,
				7C48E1EB1F9DE386002E23AA /* NineViewController.m */,
				7C48E1ED1F9DE38F002E23AA /* TenViewController.h */,
				7C48E1EE1F9DE38F002E23AA /* TenViewController.m */,
				7C48E1F01F9DE397002E23AA /* ZeroViewController.h */,
				7C48E1F11F9DE397002E23AA /* ZeroViewController.m */,
				7CD8C7722015D9830044825F /* ElevenViewController.h */,
				7CD8C7732015D9830044825F /* ElevenViewController.m */,
				7CD6B7CD20720D5B00ECEAE0 /* TwelveViewController.h */,
				7CD6B7CE20720D5B00ECEAE0 /* TwelveViewController.m */,
				7C415A4C207B597C00DD356C /* ThirteenViewController.h */,
				7C415A4D207B597C00DD356C /* ThirteenViewController.m */,
				7C84705320B40BAD00D5EAD9 /* FourteenViewController.h */,
				7C84705420B40BAD00D5EAD9 /* FourteenViewController.m */,
				7C84705620B40BC900D5EAD9 /* FourteenSubViewController.h */,
				7C84705720B40BC900D5EAD9 /* FourteenSubViewController.m */,
				7C3392C420B65DEA00F285D4 /* FifteenViewController.h */,
				7C3392C520B65DEA00F285D4 /* FifteenViewController.m */,
				7C64733820F77AA1002C6585 /* SixteenViewController.h */,
				7C64733920F77AA1002C6585 /* SixteenViewController.m */,
				7C64734720F8AD37002C6585 /* SeventeenViewController.h */,
				7C64734820F8AD37002C6585 /* SeventeenViewController.m */,
				3E7C49F521193DC400F2B8F7 /* EighteenViewController.h */,
				3E7C49F621193DC400F2B8F7 /* EighteenViewController.m */,
				D8CE4DFE22BC709000EB5961 /* NineteenViewController.h */,
				D8CE4DFF22BC709000EB5961 /* NineteenViewController.m */,
			);
			name = Demo;
			path = SHSegmentedControlTableView/Demo;
			sourceTree = SOURCE_ROOT;
		};
/* End PBXGroup section */

/* Begin PBXNativeTarget section */
		7CD1D2641F8CAD920097302C /* SHSegmentedControlTableView */ = {
			isa = PBXNativeTarget;
			buildConfigurationList = 7CD1D27B1F8CAD920097302C /* Build configuration list for PBXNativeTarget "SHSegmentedControlTableView" */;
			buildPhases = (
				2E33FE6E1F04684E63F6A755 /* [CP] Check Pods Manifest.lock */,
				7CD1D2611F8CAD920097302C /* Sources */,
				7CD1D2621F8CAD920097302C /* Frameworks */,
				7CD1D2631F8CAD920097302C /* Resources */,
				A0DE9F5CA2534AE01FB71463 /* [CP] Copy Pods Resources */,
			);
			buildRules = (
			);
			dependencies = (
			);
			name = SHSegmentedControlTableView;
			productName = SHSegmentedControlTableView;
			productReference = 7CD1D2651F8CAD920097302C /* SHSegmentedControlTableView.app */;
			productType = "com.apple.product-type.application";
		};
/* End PBXNativeTarget section */

/* Begin PBXProject section */
		7CD1D25D1F8CAD920097302C /* Project object */ = {
			isa = PBXProject;
			attributes = {
				LastUpgradeCheck = 1020;
				ORGANIZATIONNAME = angle;
				TargetAttributes = {
					7CD1D2641F8CAD920097302C = {
						CreatedOnToolsVersion = 9.0;
						ProvisioningStyle = Automatic;
					};
				};
			};
			buildConfigurationList = 7CD1D2601F8CAD920097302C /* Build configuration list for PBXProject "SHSegmentedControlTableView" */;
			compatibilityVersion = "Xcode 8.0";
			developmentRegion = en;
			hasScannedForEncodings = 0;
			knownRegions = (
				en,
				Base,
			);
			mainGroup = 7CD1D25C1F8CAD920097302C;
			productRefGroup = 7CD1D2661F8CAD920097302C /* Products */;
			projectDirPath = "";
			projectRoot = "";
			targets = (
				7CD1D2641F8CAD920097302C /* SHSegmentedControlTableView */,
			);
		};
/* End PBXProject section */

/* Begin PBXResourcesBuildPhase section */
		7CD1D2631F8CAD920097302C /* Resources */ = {
			isa = PBXResourcesBuildPhase;
			buildActionMask = 2147483647;
			files = (
				7CD1D2751F8CAD920097302C /* LaunchScreen.storyboard in Resources */,
				7CD1D2721F8CAD920097302C /* Assets.xcassets in Resources */,
				D8CE4E0222BCF16D00EB5961 /* README.md in Resources */,
				7CD1D2701F8CAD920097302C /* Main.storyboard in Resources */,
			);
			runOnlyForDeploymentPostprocessing = 0;
		};
/* End PBXResourcesBuildPhase section */

/* Begin PBXShellScriptBuildPhase section */
		2E33FE6E1F04684E63F6A755 /* [CP] Check Pods Manifest.lock */ = {
			isa = PBXShellScriptBuildPhase;
			buildActionMask = 2147483647;
			files = (
			);
			inputPaths = (
				"${PODS_PODFILE_DIR_PATH}/Podfile.lock",
				"${PODS_ROOT}/Manifest.lock",
			);
			name = "[CP] Check Pods Manifest.lock";
			outputPaths = (
				"$(DERIVED_FILE_DIR)/Pods-SHSegmentedControlTableView-checkManifestLockResult.txt",
			);
			runOnlyForDeploymentPostprocessing = 0;
			shellPath = /bin/sh;
			shellScript = "diff \"${PODS_PODFILE_DIR_PATH}/Podfile.lock\" \"${PODS_ROOT}/Manifest.lock\" > /dev/null\nif [ $? != 0 ] ; then\n    # print error to STDERR\n    echo \"error: The sandbox is not in sync with the Podfile.lock. Run 'pod install' or update your CocoaPods installation.\" >&2\n    exit 1\nfi\n# This output is used by Xcode 'outputs' to avoid re-running this script phase.\necho \"SUCCESS\" > \"${SCRIPT_OUTPUT_FILE_0}\"\n";
			showEnvVarsInLog = 0;
		};
		A0DE9F5CA2534AE01FB71463 /* [CP] Copy Pods Resources */ = {
			isa = PBXShellScriptBuildPhase;
			buildActionMask = 2147483647;
			files = (
			);
			inputPaths = (
				"${PODS_ROOT}/Target Support Files/Pods-SHSegmentedControlTableView/Pods-SHSegmentedControlTableView-resources.sh",
				"${PODS_ROOT}/MJRefresh/MJRefresh/MJRefresh.bundle",
			);
			name = "[CP] Copy Pods Resources";
			outputPaths = (
				"${TARGET_BUILD_DIR}/${UNLOCALIZED_RESOURCES_FOLDER_PATH}/MJRefresh.bundle",
			);
			runOnlyForDeploymentPostprocessing = 0;
			shellPath = /bin/sh;
			shellScript = "\"${PODS_ROOT}/Target Support Files/Pods-SHSegmentedControlTableView/Pods-SHSegmentedControlTableView-resources.sh\"\n";
			showEnvVarsInLog = 0;
		};
/* End PBXShellScriptBuildPhase section */

/* Begin PBXSourcesBuildPhase section */
		7CD1D2611F8CAD920097302C /* Sources */ = {
			isa = PBXSourcesBuildPhase;
			buildActionMask = 2147483647;
			files = (
				7C48E1EC1F9DE386002E23AA /* NineViewController.m in Sources */,
				7C48E1E31F9DE36A002E23AA /* SixViewController.m in Sources */,
				3E7C49F721193DC400F2B8F7 /* EighteenViewController.m in Sources */,
				7C3392C620B65DEA00F285D4 /* FifteenViewController.m in Sources */,
				7CD1D26D1F8CAD920097302C /* ViewController.m in Sources */,
				7CD8C7742015D9830044825F /* ElevenViewController.m in Sources */,
				7CD1D2781F8CAD920097302C /* main.m in Sources */,
				7C415A4E207B597D00DD356C /* ThirteenViewController.m in Sources */,
				7C415A51207B5AAE00DD356C /* SHHeaderView.m in Sources */,
				7CD1D26A1F8CAD920097302C /* AppDelegate.m in Sources */,
				7C48E1E61F9DE373002E23AA /* SevenViewController.m in Sources */,
				7C48E1E91F9DE37B002E23AA /* EightViewController.m in Sources */,
				D8CE4E0022BC709000EB5961 /* NineteenViewController.m in Sources */,
				7CBCA1D91F99D78D00349014 /* TwoViewController.m in Sources */,
				7CF3FFC41F99F0E800758917 /* ThreeViewController.m in Sources */,
				7C48E1F21F9DE397002E23AA /* ZeroViewController.m in Sources */,
				7CF3FFC71F99F16200758917 /* FourViewController.m in Sources */,
				7C84705520B40BAD00D5EAD9 /* FourteenViewController.m in Sources */,
				7C64734620F8A745002C6585 /* OneViewController.m in Sources */,
				7CBCA1D61F99D3B700349014 /* SHBaseViewController.m in Sources */,
				7CD6B7CF20720D5B00ECEAE0 /* TwelveViewController.m in Sources */,
				7C48E1E01F9DE35D002E23AA /* FiveViewController.m in Sources */,
				7CBCA1D21F98B19F00349014 /* TestOneTableView.m in Sources */,
				7C84705820B40BC900D5EAD9 /* FourteenSubViewController.m in Sources */,
				7C64733A20F77AA1002C6585 /* SixteenViewController.m in Sources */,
				7C48E1EF1F9DE38F002E23AA /* TenViewController.m in Sources */,
				7C64734920F8AD37002C6585 /* SeventeenViewController.m in Sources */,
				7C48E1F51F9DE9BB002E23AA /* TestCollectionView.m in Sources */,
			);
			runOnlyForDeploymentPostprocessing = 0;
		};
/* End PBXSourcesBuildPhase section */

/* Begin PBXVariantGroup section */
		7CD1D26E1F8CAD920097302C /* Main.storyboard */ = {
			isa = PBXVariantGroup;
			children = (
				7CD1D26F1F8CAD920097302C /* Base */,
			);
			name = Main.storyboard;
			sourceTree = "<group>";
		};
		7CD1D2731F8CAD920097302C /* LaunchScreen.storyboard */ = {
			isa = PBXVariantGroup;
			children = (
				7CD1D2741F8CAD920097302C /* Base */,
			);
			name = LaunchScreen.storyboard;
			sourceTree = "<group>";
		};
/* End PBXVariantGroup section */

/* Begin XCBuildConfiguration section */
		7CD1D2791F8CAD920097302C /* Debug */ = {
			isa = XCBuildConfiguration;
			buildSettings = {
				ALWAYS_SEARCH_USER_PATHS = NO;
				CLANG_ANALYZER_NONNULL = YES;
				CLANG_ANALYZER_NUMBER_OBJECT_CONVERSION = YES_AGGRESSIVE;
				CLANG_CXX_LANGUAGE_STANDARD = "gnu++14";
				CLANG_CXX_LIBRARY = "libc++";
				CLANG_ENABLE_MODULES = YES;
				CLANG_ENABLE_OBJC_ARC = YES;
				CLANG_WARN_BLOCK_CAPTURE_AUTORELEASING = YES;
				CLANG_WARN_BOOL_CONVERSION = YES;
				CLANG_WARN_COMMA = YES;
				CLANG_WARN_CONSTANT_CONVERSION = YES;
				CLANG_WARN_DEPRECATED_OBJC_IMPLEMENTATIONS = YES;
				CLANG_WARN_DIRECT_OBJC_ISA_USAGE = YES_ERROR;
				CLANG_WARN_DOCUMENTATION_COMMENTS = YES;
				CLANG_WARN_EMPTY_BODY = YES;
				CLANG_WARN_ENUM_CONVERSION = YES;
				CLANG_WARN_INFINITE_RECURSION = YES;
				CLANG_WARN_INT_CONVERSION = YES;
				CLANG_WARN_NON_LITERAL_NULL_CONVERSION = YES;
				CLANG_WARN_OBJC_IMPLICIT_RETAIN_SELF = YES;
				CLANG_WARN_OBJC_LITERAL_CONVERSION = YES;
				CLANG_WARN_OBJC_ROOT_CLASS = YES_ERROR;
				CLANG_WARN_RANGE_LOOP_ANALYSIS = YES;
				CLANG_WARN_STRICT_PROTOTYPES = YES;
				CLANG_WARN_SUSPICIOUS_MOVE = YES;
				CLANG_WARN_UNGUARDED_AVAILABILITY = YES_AGGRESSIVE;
				CLANG_WARN_UNREACHABLE_CODE = YES;
				CLANG_WARN__DUPLICATE_METHOD_MATCH = YES;
				CODE_SIGN_IDENTITY = "iPhone Developer";
				COPY_PHASE_STRIP = NO;
				DEBUG_INFORMATION_FORMAT = dwarf;
				ENABLE_STRICT_OBJC_MSGSEND = YES;
				ENABLE_TESTABILITY = YES;
				GCC_C_LANGUAGE_STANDARD = gnu11;
				GCC_DYNAMIC_NO_PIC = NO;
				GCC_NO_COMMON_BLOCKS = YES;
				GCC_OPTIMIZATION_LEVEL = 0;
				GCC_PREPROCESSOR_DEFINITIONS = (
					"DEBUG=1",
					"$(inherited)",
				);
				GCC_WARN_64_TO_32_BIT_CONVERSION = YES;
				GCC_WARN_ABOUT_RETURN_TYPE = YES_ERROR;
				GCC_WARN_UNDECLARED_SELECTOR = YES;
				GCC_WARN_UNINITIALIZED_AUTOS = YES_AGGRESSIVE;
				GCC_WARN_UNUSED_FUNCTION = YES;
				GCC_WARN_UNUSED_VARIABLE = YES;
				IPHONEOS_DEPLOYMENT_TARGET = 11.0;
				MTL_ENABLE_DEBUG_INFO = YES;
				ONLY_ACTIVE_ARCH = YES;
				SDKROOT = iphoneos;
			};
			name = Debug;
		};
		7CD1D27A1F8CAD920097302C /* Release */ = {
			isa = XCBuildConfiguration;
			buildSettings = {
				ALWAYS_SEARCH_USER_PATHS = NO;
				CLANG_ANALYZER_NONNULL = YES;
				CLANG_ANALYZER_NUMBER_OBJECT_CONVERSION = YES_AGGRESSIVE;
				CLANG_CXX_LANGUAGE_STANDARD = "gnu++14";
				CLANG_CXX_LIBRARY = "libc++";
				CLANG_ENABLE_MODULES = YES;
				CLANG_ENABLE_OBJC_ARC = YES;
				CLANG_WARN_BLOCK_CAPTURE_AUTORELEASING = YES;
				CLANG_WARN_BOOL_CONVERSION = YES;
				CLANG_WARN_COMMA = YES;
				CLANG_WARN_CONSTANT_CONVERSION = YES;
				CLANG_WARN_DEPRECATED_OBJC_IMPLEMENTATIONS = YES;
				CLANG_WARN_DIRECT_OBJC_ISA_USAGE = YES_ERROR;
				CLANG_WARN_DOCUMENTATION_COMMENTS = YES;
				CLANG_WARN_EMPTY_BODY = YES;
				CLANG_WARN_ENUM_CONVERSION = YES;
				CLANG_WARN_INFINITE_RECURSION = YES;
				CLANG_WARN_INT_CONVERSION = YES;
				CLANG_WARN_NON_LITERAL_NULL_CONVERSION = YES;
				CLANG_WARN_OBJC_IMPLICIT_RETAIN_SELF = YES;
				CLANG_WARN_OBJC_LITERAL_CONVERSION = YES;
				CLANG_WARN_OBJC_ROOT_CLASS = YES_ERROR;
				CLANG_WARN_RANGE_LOOP_ANALYSIS = YES;
				CLANG_WARN_STRICT_PROTOTYPES = YES;
				CLANG_WARN_SUSPICIOUS_MOVE = YES;
				CLANG_WARN_UNGUARDED_AVAILABILITY = YES_AGGRESSIVE;
				CLANG_WARN_UNREACHABLE_CODE = YES;
				CLANG_WARN__DUPLICATE_METHOD_MATCH = YES;
				CODE_SIGN_IDENTITY = "iPhone Developer";
				COPY_PHASE_STRIP = NO;
				DEBUG_INFORMATION_FORMAT = "dwarf-with-dsym";
				ENABLE_NS_ASSERTIONS = NO;
				ENABLE_STRICT_OBJC_MSGSEND = YES;
				GCC_C_LANGUAGE_STANDARD = gnu11;
				GCC_NO_COMMON_BLOCKS = YES;
				GCC_WARN_64_TO_32_BIT_CONVERSION = YES;
				GCC_WARN_ABOUT_RETURN_TYPE = YES_ERROR;
				GCC_WARN_UNDECLARED_SELECTOR = YES;
				GCC_WARN_UNINITIALIZED_AUTOS = YES_AGGRESSIVE;
				GCC_WARN_UNUSED_FUNCTION = YES;
				GCC_WARN_UNUSED_VARIABLE = YES;
				IPHONEOS_DEPLOYMENT_TARGET = 11.0;
				MTL_ENABLE_DEBUG_INFO = NO;
				SDKROOT = iphoneos;
				VALIDATE_PRODUCT = YES;
			};
			name = Release;
		};
		7CD1D27C1F8CAD920097302C /* Debug */ = {
			isa = XCBuildConfiguration;
			baseConfigurationReference = 9DE6F1068877755528F041C8 /* Pods-SHSegmentedControlTableView.debug.xcconfig */;
			buildSettings = {
				ASSETCATALOG_COMPILER_APPICON_NAME = AppIcon;
				CODE_SIGN_STYLE = Automatic;
				DEVELOPMENT_TEAM = 83SLLMU85B;
				GCC_PRECOMPILE_PREFIX_HEADER = YES;
				GCC_PREFIX_HEADER = "$(SRCROOT)/SHSegmentedControlTableView/PrefixHeader.pch";
				INFOPLIST_FILE = SHSegmentedControlTableView/Info.plist;
				IPHONEOS_DEPLOYMENT_TARGET = 8.0;
				LD_RUNPATH_SEARCH_PATHS = "$(inherited) @executable_path/Frameworks";
				PRODUCT_BUNDLE_IDENTIFIER = com.angle.SHSegmentedControlTableView;
				PRODUCT_NAME = "$(TARGET_NAME)";
				TARGETED_DEVICE_FAMILY = "1,2";
			};
			name = Debug;
		};
		7CD1D27D1F8CAD920097302C /* Release */ = {
			isa = XCBuildConfiguration;
			baseConfigurationReference = 4ED29334A156E897E29FAB22 /* Pods-SHSegmentedControlTableView.release.xcconfig */;
			buildSettings = {
				ASSETCATALOG_COMPILER_APPICON_NAME = AppIcon;
				CODE_SIGN_STYLE = Automatic;
				DEVELOPMENT_TEAM = 83SLLMU85B;
				GCC_PRECOMPILE_PREFIX_HEADER = YES;
				GCC_PREFIX_HEADER = "$(SRCROOT)/SHSegmentedControlTableView/PrefixHeader.pch";
				INFOPLIST_FILE = SHSegmentedControlTableView/Info.plist;
				IPHONEOS_DEPLOYMENT_TARGET = 8.0;
				LD_RUNPATH_SEARCH_PATHS = "$(inherited) @executable_path/Frameworks";
				PRODUCT_BUNDLE_IDENTIFIER = com.angle.SHSegmentedControlTableView;
				PRODUCT_NAME = "$(TARGET_NAME)";
				TARGETED_DEVICE_FAMILY = "1,2";
			};
			name = Release;
		};
/* End XCBuildConfiguration section */

/* Begin XCConfigurationList section */
		7CD1D2601F8CAD920097302C /* Build configuration list for PBXProject "SHSegmentedControlTableView" */ = {
			isa = XCConfigurationList;
			buildConfigurations = (
				7CD1D2791F8CAD920097302C /* Debug */,
				7CD1D27A1F8CAD920097302C /* Release */,
			);
			defaultConfigurationIsVisible = 0;
			defaultConfigurationName = Release;
		};
		7CD1D27B1F8CAD920097302C /* Build configuration list for PBXNativeTarget "SHSegmentedControlTableView" */ = {
			isa = XCConfigurationList;
			buildConfigurations = (
				7CD1D27C1F8CAD920097302C /* Debug */,
				7CD1D27D1F8CAD920097302C /* Release */,
			);
			defaultConfigurationIsVisible = 0;
			defaultConfigurationName = Release;
		};
/* End XCConfigurationList section */
	};
	rootObject = 7CD1D25D1F8CAD920097302C /* Project object */;
}
